// !$*UTF8*$!
{
	archiveVersion = 1;
	classes = {
	};
	objectVersion = 50;
	objects = {

/* Begin PBXBuildFile section */
		54431542251687AA00BFDD83 /* ContentView.swift in Sources */ = {isa = PBXBuildFile; fileRef = 54431541251687AA00BFDD83 /* ContentView.swift */; };
		544315502517E59100BFDD83 /* Extensions.swift in Sources */ = {isa = PBXBuildFile; fileRef = 5443154F2517E59100BFDD83 /* Extensions.swift */; };
		544A378E250EE589007CC305 /* SampleView.swift in Sources */ = {isa = PBXBuildFile; fileRef = 544A378D250EE589007CC305 /* SampleView.swift */; };
		544A3792250FAD04007CC305 /* LocalizedStringKey.swift in Sources */ = {isa = PBXBuildFile; fileRef = 544A3791250FAD04007CC305 /* LocalizedStringKey.swift */; };
		546538F525166AB2003161DE /* JsonPreview.swift in Sources */ = {isa = PBXBuildFile; fileRef = 546538F425166AB2003161DE /* JsonPreview.swift */; };
		546836ED250D317F00CE1AF1 /* B06a_LandmarkList.swift in Sources */ = {isa = PBXBuildFile; fileRef = 546836EC250D317F00CE1AF1 /* B06a_LandmarkList.swift */; };
		546836F1250D32B600CE1AF1 /* B07a_CircleImage.swift in Sources */ = {isa = PBXBuildFile; fileRef = 546836EE250D32B600CE1AF1 /* B07a_CircleImage.swift */; };
		546836F2250D32B600CE1AF1 /* B06b_LandmarkList.swift in Sources */ = {isa = PBXBuildFile; fileRef = 546836EF250D32B600CE1AF1 /* B06b_LandmarkList.swift */; };
		546836F3250D32B600CE1AF1 /* B06c_LandmarkList.swift in Sources */ = {isa = PBXBuildFile; fileRef = 546836F0250D32B600CE1AF1 /* B06c_LandmarkList.swift */; };
		546836F7250D340600CE1AF1 /* B07d_LandmarkDetail.swift in Sources */ = {isa = PBXBuildFile; fileRef = 546836F4250D340600CE1AF1 /* B07d_LandmarkDetail.swift */; };
		546836F8250D340600CE1AF1 /* B07c_LandmarkDetail.swift in Sources */ = {isa = PBXBuildFile; fileRef = 546836F5250D340600CE1AF1 /* B07c_LandmarkDetail.swift */; };
		546836F9250D340600CE1AF1 /* B07b_MapView.swift in Sources */ = {isa = PBXBuildFile; fileRef = 546836F6250D340600CE1AF1 /* B07b_MapView.swift */; };
		546836FB250D355E00CE1AF1 /* B07e_LandmarkDetail.swift in Sources */ = {isa = PBXBuildFile; fileRef = 546836FA250D355E00CE1AF1 /* B07e_LandmarkDetail.swift */; };
		546836FD250D35FE00CE1AF1 /* B07f_LandmarkList.swift in Sources */ = {isa = PBXBuildFile; fileRef = 546836FC250D35FE00CE1AF1 /* B07f_LandmarkList.swift */; };
		54683701250D3AB100CE1AF1 /* B08c_LandmarkList.swift in Sources */ = {isa = PBXBuildFile; fileRef = 546836FE250D3AB100CE1AF1 /* B08c_LandmarkList.swift */; };
		54683702250D3AB100CE1AF1 /* B08b_LandmarkList.swift in Sources */ = {isa = PBXBuildFile; fileRef = 546836FF250D3AB100CE1AF1 /* B08b_LandmarkList.swift */; };
		54683703250D3AB100CE1AF1 /* B08a_LandmarkList.swift in Sources */ = {isa = PBXBuildFile; fileRef = 54683700250D3AB100CE1AF1 /* B08a_LandmarkList.swift */; };
		54919F56250A629B00767B94 /* AppDelegate.swift in Sources */ = {isa = PBXBuildFile; fileRef = 54919F55250A629B00767B94 /* AppDelegate.swift */; };
		54919F58250A629B00767B94 /* SceneDelegate.swift in Sources */ = {isa = PBXBuildFile; fileRef = 54919F57250A629B00767B94 /* SceneDelegate.swift */; };
		54919F5C250A629C00767B94 /* Assets.xcassets in Resources */ = {isa = PBXBuildFile; fileRef = 54919F5B250A629C00767B94 /* Assets.xcassets */; };
		54919F5F250A629C00767B94 /* Preview Assets.xcassets in Resources */ = {isa = PBXBuildFile; fileRef = 54919F5E250A629C00767B94 /* Preview Assets.xcassets */; };
		54919F62250A629C00767B94 /* LaunchScreen.storyboard in Resources */ = {isa = PBXBuildFile; fileRef = 54919F60250A629C00767B94 /* LaunchScreen.storyboard */; };
		54919F6D250A629C00767B94 /* SwiftUIJson_AppUITests.swift in Sources */ = {isa = PBXBuildFile; fileRef = 54919F6C250A629C00767B94 /* SwiftUIJson_AppUITests.swift */; };
		54919F79250A651A00767B94 /* A01a_ContentView.swift in Sources */ = {isa = PBXBuildFile; fileRef = 54919F78250A651A00767B94 /* A01a_ContentView.swift */; };
		54919F86250A65D200767B94 /* A04a_CircleImage.swift in Sources */ = {isa = PBXBuildFile; fileRef = 54919F7C250A65D100767B94 /* A04a_CircleImage.swift */; };
		54919F87250A65D200767B94 /* A02a_ContentView.swift in Sources */ = {isa = PBXBuildFile; fileRef = 54919F7D250A65D100767B94 /* A02a_ContentView.swift */; };
		54919F8A250A65D200767B94 /* A06a_ContentView.swift in Sources */ = {isa = PBXBuildFile; fileRef = 54919F80250A65D200767B94 /* A06a_ContentView.swift */; };
		54919F8D250A65D200767B94 /* A03a_ContentView.swift in Sources */ = {isa = PBXBuildFile; fileRef = 54919F83250A65D200767B94 /* A03a_ContentView.swift */; };
		54919F8F250A671200767B94 /* A02b_ContentView.swift in Sources */ = {isa = PBXBuildFile; fileRef = 54919F8E250A671200767B94 /* A02b_ContentView.swift */; };
		54919F93250A676400767B94 /* A03b_ContentView.swift in Sources */ = {isa = PBXBuildFile; fileRef = 54919F90250A676400767B94 /* A03b_ContentView.swift */; };
		54919F94250A676400767B94 /* A03c_ContentView.swift in Sources */ = {isa = PBXBuildFile; fileRef = 54919F91250A676400767B94 /* A03c_ContentView.swift */; };
		54919F95250A676400767B94 /* A03d_ContentView.swift in Sources */ = {isa = PBXBuildFile; fileRef = 54919F92250A676400767B94 /* A03d_ContentView.swift */; };
		54919F9A250A67DF00767B94 /* A03e_ContentView.swift in Sources */ = {isa = PBXBuildFile; fileRef = 54919F96250A67DF00767B94 /* A03e_ContentView.swift */; };
		54919F9C250A67DF00767B94 /* A03f_ContentView.swift in Sources */ = {isa = PBXBuildFile; fileRef = 54919F98250A67DF00767B94 /* A03f_ContentView.swift */; };
		54919F9F250A688A00767B94 /* A01b_ContentView.swift in Sources */ = {isa = PBXBuildFile; fileRef = 54919F9E250A688A00767B94 /* A01b_ContentView.swift */; };
		54919FA6250A69D900767B94 /* A04b_CircleImage.swift in Sources */ = {isa = PBXBuildFile; fileRef = 54919FA2250A69D900767B94 /* A04b_CircleImage.swift */; };
		54919FA7250A69D900767B94 /* A04d_CircleImage.swift in Sources */ = {isa = PBXBuildFile; fileRef = 54919FA3250A69D900767B94 /* A04d_CircleImage.swift */; };
		54919FA8250A69D900767B94 /* A04c_CircleImage.swift in Sources */ = {isa = PBXBuildFile; fileRef = 54919FA4250A69D900767B94 /* A04c_CircleImage.swift */; };
		54919FA9250A69D900767B94 /* A04e_CircleImage.swift in Sources */ = {isa = PBXBuildFile; fileRef = 54919FA5250A69D900767B94 /* A04e_CircleImage.swift */; };
		54919FAE250A6AD100767B94 /* A05_MapView.swift in Sources */ = {isa = PBXBuildFile; fileRef = 54919FAB250A6AD100767B94 /* A05_MapView.swift */; };
		54919FB8250A6B5800767B94 /* A06g_ContentView.swift in Sources */ = {isa = PBXBuildFile; fileRef = 54919FB0250A6B5800767B94 /* A06g_ContentView.swift */; };
		54919FBB250A6B5800767B94 /* A06c_ContentView.swift in Sources */ = {isa = PBXBuildFile; fileRef = 54919FB3250A6B5800767B94 /* A06c_ContentView.swift */; };
		54919FBC250A6B5800767B94 /* A06b_ContentView.swift in Sources */ = {isa = PBXBuildFile; fileRef = 54919FB4250A6B5800767B94 /* A06b_ContentView.swift */; };
		54919FBD250A6B5800767B94 /* A06e_ContentView.swift in Sources */ = {isa = PBXBuildFile; fileRef = 54919FB5250A6B5800767B94 /* A06e_ContentView.swift */; };
		54919FBE250A6B5800767B94 /* A06f_ContentView.swift in Sources */ = {isa = PBXBuildFile; fileRef = 54919FB6250A6B5800767B94 /* A06f_ContentView.swift */; };
		54919FBF250A6B5800767B94 /* A06d_ContentView.swift in Sources */ = {isa = PBXBuildFile; fileRef = 54919FB7250A6B5800767B94 /* A06d_ContentView.swift */; };
		54919FC2250A6FF200767B94 /* Readme.md in Resources */ = {isa = PBXBuildFile; fileRef = 54919FC1250A6FF200767B94 /* Readme.md */; };
		54919FC4250A700B00767B94 /* Landmark.swift in Sources */ = {isa = PBXBuildFile; fileRef = 54919FC3250A700B00767B94 /* Landmark.swift */; };
		54919FD4250A709500767B94 /* B03b_LandmarkRow.swift in Sources */ = {isa = PBXBuildFile; fileRef = 54919FC5250A709500767B94 /* B03b_LandmarkRow.swift */; };
		54919FD6250A709500767B94 /* B02c_LandmarkRow.swift in Sources */ = {isa = PBXBuildFile; fileRef = 54919FC7250A709500767B94 /* B02c_LandmarkRow.swift */; };
		54919FD7250A709500767B94 /* B02d_LandmarkRow.swift in Sources */ = {isa = PBXBuildFile; fileRef = 54919FC8250A709500767B94 /* B02d_LandmarkRow.swift */; };
		54919FD8250A709500767B94 /* B03c_LandmarkRow.swift in Sources */ = {isa = PBXBuildFile; fileRef = 54919FC9250A709500767B94 /* B03c_LandmarkRow.swift */; };
		54919FD9250A709500767B94 /* B02b_LandmarkRow.swift in Sources */ = {isa = PBXBuildFile; fileRef = 54919FCA250A709500767B94 /* B02b_LandmarkRow.swift */; };
		54919FDA250A709500767B94 /* B05a_LandmarkList.swift in Sources */ = {isa = PBXBuildFile; fileRef = 54919FCB250A709500767B94 /* B05a_LandmarkList.swift */; };
		54919FDB250A709500767B94 /* B05b_LandmarkList.swift in Sources */ = {isa = PBXBuildFile; fileRef = 54919FCC250A709500767B94 /* B05b_LandmarkList.swift */; };
		54919FDC250A709500767B94 /* B03d_LandmarkRow.swift in Sources */ = {isa = PBXBuildFile; fileRef = 54919FCD250A709500767B94 /* B03d_LandmarkRow.swift */; };
		54919FDD250A709500767B94 /* B04a_LandmarkList.swift in Sources */ = {isa = PBXBuildFile; fileRef = 54919FCE250A709500767B94 /* B04a_LandmarkList.swift */; };
		54919FDE250A709500767B94 /* LandmarkDetail.swift in Sources */ = {isa = PBXBuildFile; fileRef = 54919FCF250A709500767B94 /* LandmarkDetail.swift */; };
		54919FE1250A709500767B94 /* B02a_LandmarkRow.swift in Sources */ = {isa = PBXBuildFile; fileRef = 54919FD2250A709500767B94 /* B02a_LandmarkRow.swift */; };
		54919FE2250A709500767B94 /* B03a_LandmarkRow.swift in Sources */ = {isa = PBXBuildFile; fileRef = 54919FD3250A709500767B94 /* B03a_LandmarkRow.swift */; };
		54919FE4250A78D300767B94 /* B05e_LandmarkList.swift in Sources */ = {isa = PBXBuildFile; fileRef = 54919FE3250A78D300767B94 /* B05e_LandmarkList.swift */; };
		54919FF4250A7A2F00767B94 /* turtlerock.jpg in Resources */ = {isa = PBXBuildFile; fileRef = 54919FE7250A7A2F00767B94 /* turtlerock.jpg */; };
		54919FF5250A7A2F00767B94 /* silversalmoncreek.jpg in Resources */ = {isa = PBXBuildFile; fileRef = 54919FE8250A7A2F00767B94 /* silversalmoncreek.jpg */; };
		54919FF6250A7A2F00767B94 /* icybay.jpg in Resources */ = {isa = PBXBuildFile; fileRef = 54919FE9250A7A2F00767B94 /* icybay.jpg */; };
		54919FF7250A7A2F00767B94 /* lakemcdonald.jpg in Resources */ = {isa = PBXBuildFile; fileRef = 54919FEA250A7A2F00767B94 /* lakemcdonald.jpg */; };
		54919FF8250A7A2F00767B94 /* hiddenlake.jpg in Resources */ = {isa = PBXBuildFile; fileRef = 54919FEB250A7A2F00767B94 /* hiddenlake.jpg */; };
		54919FF9250A7A2F00767B94 /* twinlake.jpg in Resources */ = {isa = PBXBuildFile; fileRef = 54919FEC250A7A2F00767B94 /* twinlake.jpg */; };
		54919FFA250A7A2F00767B94 /* umbagog.jpg in Resources */ = {isa = PBXBuildFile; fileRef = 54919FED250A7A2F00767B94 /* umbagog.jpg */; };
		54919FFB250A7A2F00767B94 /* landmarkData.json in Resources */ = {isa = PBXBuildFile; fileRef = 54919FEE250A7A2F00767B94 /* landmarkData.json */; };
		54919FFC250A7A2F00767B94 /* chincoteague.jpg in Resources */ = {isa = PBXBuildFile; fileRef = 54919FEF250A7A2F00767B94 /* chincoteague.jpg */; };
		54919FFD250A7A2F00767B94 /* yukon_charleyrivers.jpg in Resources */ = {isa = PBXBuildFile; fileRef = 54919FF0250A7A2F00767B94 /* yukon_charleyrivers.jpg */; };
		54919FFE250A7A2F00767B94 /* stmarylake.jpg in Resources */ = {isa = PBXBuildFile; fileRef = 54919FF1250A7A2F00767B94 /* stmarylake.jpg */; };
		54919FFF250A7A2F00767B94 /* chilkoottrail.jpg in Resources */ = {isa = PBXBuildFile; fileRef = 54919FF2250A7A2F00767B94 /* chilkoottrail.jpg */; };
		5491A000250A7A2F00767B94 /* rainbowlake.jpg in Resources */ = {isa = PBXBuildFile; fileRef = 54919FF3250A7A2F00767B94 /* rainbowlake.jpg */; };
		5491A002250A7B2100767B94 /* Data.swift in Sources */ = {isa = PBXBuildFile; fileRef = 5491A001250A7B2100767B94 /* Data.swift */; };
		54C22A5A2518E1DC001947C4 /* Root.swift in Sources */ = {isa = PBXBuildFile; fileRef = 54C22A592518E1DC001947C4 /* Root.swift */; };
		54C22A602518E1F2001947C4 /* View.swift in Sources */ = {isa = PBXBuildFile; fileRef = 54C22A5F2518E1F2001947C4 /* View.swift */; };
		54C22A702518E26E001947C4 /* _PullDownButton.swift in Sources */ = {isa = PBXBuildFile; fileRef = 54C22A6F2518E26E001947C4 /* _PullDownButton.swift */; };
		54C22A782518E2C3001947C4 /* Toggle.swift in Sources */ = {isa = PBXBuildFile; fileRef = 54C22A772518E2C3001947C4 /* Toggle.swift */; };
		54C22A7E2518E2D8001947C4 /* SubscriptionView.swift in Sources */ = {isa = PBXBuildFile; fileRef = 54C22A7D2518E2D8001947C4 /* SubscriptionView.swift */; };
		54C22A822518E2DA001947C4 /* ModifiedContent.swift in Sources */ = {isa = PBXBuildFile; fileRef = 54C22A812518E2DA001947C4 /* ModifiedContent.swift */; };
		54C22A862518E2DB001947C4 /* NavigationView.swift in Sources */ = {isa = PBXBuildFile; fileRef = 54C22A852518E2DB001947C4 /* NavigationView.swift */; };
		54C22A8E2518E2DE001947C4 /* MenuButton.swift in Sources */ = {isa = PBXBuildFile; fileRef = 54C22A8D2518E2DE001947C4 /* MenuButton.swift */; };
		54C22A922518E2E0001947C4 /* EquatableView.swift in Sources */ = {isa = PBXBuildFile; fileRef = 54C22A912518E2E0001947C4 /* EquatableView.swift */; };
		54C22A962518E2E1001947C4 /* ContextMenu.swift in Sources */ = {isa = PBXBuildFile; fileRef = 54C22A952518E2E1001947C4 /* ContextMenu.swift */; };
		54C22AA82518E37B001947C4 /* EditButton.swift in Sources */ = {isa = PBXBuildFile; fileRef = 54C22AA72518E37B001947C4 /* EditButton.swift */; };
		54C22AAC2518E37C001947C4 /* _DisclosureIndicator.swift in Sources */ = {isa = PBXBuildFile; fileRef = 54C22AAB2518E37C001947C4 /* _DisclosureIndicator.swift */; };
		54C22AB02518E37D001947C4 /* _BackgroundModifier.swift in Sources */ = {isa = PBXBuildFile; fileRef = 54C22AAF2518E37D001947C4 /* _BackgroundModifier.swift */; };
		54C22AB42518E380001947C4 /* SecureField.swift in Sources */ = {isa = PBXBuildFile; fileRef = 54C22AB32518E380001947C4 /* SecureField.swift */; };
		54C22AB82518E381001947C4 /* _VariadicView.swift in Sources */ = {isa = PBXBuildFile; fileRef = 54C22AB72518E381001947C4 /* _VariadicView.swift */; };
		54C22ABC2518E383001947C4 /* Stepper.swift in Sources */ = {isa = PBXBuildFile; fileRef = 54C22ABB2518E383001947C4 /* Stepper.swift */; };
		54C22AC02518E384001947C4 /* _WKStoryboardContent.swift in Sources */ = {isa = PBXBuildFile; fileRef = 54C22ABF2518E384001947C4 /* _WKStoryboardContent.swift */; };
		54C22AC42518E389001947C4 /* PasteButton.swift in Sources */ = {isa = PBXBuildFile; fileRef = 54C22AC32518E389001947C4 /* PasteButton.swift */; };
		54C22AC62518E38B001947C4 /* Slider.swift in Sources */ = {isa = PBXBuildFile; fileRef = 54C22AC52518E38B001947C4 /* Slider.swift */; };
		54C22ACA2518E38E001947C4 /* GroupBox.swift in Sources */ = {isa = PBXBuildFile; fileRef = 54C22AC92518E38E001947C4 /* GroupBox.swift */; };
		54C22ACE2518E394001947C4 /* TextField.swift in Sources */ = {isa = PBXBuildFile; fileRef = 54C22ACD2518E394001947C4 /* TextField.swift */; };
		54C22AD62518E396001947C4 /* _AligningContentProvider.swift in Sources */ = {isa = PBXBuildFile; fileRef = 54C22AD52518E396001947C4 /* _AligningContentProvider.swift */; };
		54C22ADA2518E39A001947C4 /* _PagingView.swift in Sources */ = {isa = PBXBuildFile; fileRef = 54C22AD92518E39A001947C4 /* _PagingView.swift */; };
		54C22ADC2518E39C001947C4 /* NavigationLink.swift in Sources */ = {isa = PBXBuildFile; fileRef = 54C22ADB2518E39C001947C4 /* NavigationLink.swift */; };
		54C22AE02518E3A5001947C4 /* Color.swift in Sources */ = {isa = PBXBuildFile; fileRef = 54C22ADF2518E3A5001947C4 /* Color.swift */; };
		54C22AE42518E3B2001947C4 /* Bundle.swift in Sources */ = {isa = PBXBuildFile; fileRef = 54C22AE32518E3B2001947C4 /* Bundle.swift */; };
		54C22AE82518E3B4001947C4 /* Font.swift in Sources */ = {isa = PBXBuildFile; fileRef = 54C22AE72518E3B4001947C4 /* Font.swift */; };
		54C22B112518E5FD001947C4 /* TouchBar.swift in Sources */ = {isa = PBXBuildFile; fileRef = 54C22B102518E5FD001947C4 /* TouchBar.swift */; };
		54C22B172518E62A001947C4 /* Section.swift in Sources */ = {isa = PBXBuildFile; fileRef = 54C22B162518E62A001947C4 /* Section.swift */; };
		54C22B1B2518E630001947C4 /* HSplitView.swift in Sources */ = {isa = PBXBuildFile; fileRef = 54C22B1A2518E630001947C4 /* HSplitView.swift */; };
		54C22B1D2518E632001947C4 /* _DelayedPreferenceView.swift in Sources */ = {isa = PBXBuildFile; fileRef = 54C22B1C2518E632001947C4 /* _DelayedPreferenceView.swift */; };
		54C22B1F2518E634001947C4 /* Divider.swift in Sources */ = {isa = PBXBuildFile; fileRef = 54C22B1E2518E634001947C4 /* Divider.swift */; };
		54C22B212518E635001947C4 /* AnyView.swift in Sources */ = {isa = PBXBuildFile; fileRef = 54C22B202518E635001947C4 /* AnyView.swift */; };
		54C22B232518E636001947C4 /* VStack.swift in Sources */ = {isa = PBXBuildFile; fileRef = 54C22B222518E636001947C4 /* VStack.swift */; };
		54C22B272518E638001947C4 /* VSplitView.swift in Sources */ = {isa = PBXBuildFile; fileRef = 54C22B262518E638001947C4 /* VSplitView.swift */; };
		54C22B302518E640001947C4 /* __ScaleToFitView.swift in Sources */ = {isa = PBXBuildFile; fileRef = 54C22B2E2518E640001947C4 /* __ScaleToFitView.swift */; };
		54C22B312518E640001947C4 /* ScrollView.swift in Sources */ = {isa = PBXBuildFile; fileRef = 54C22B2B2518E63F001947C4 /* ScrollView.swift */; };
		54C22B322518E640001947C4 /* GeometryReader.swift in Sources */ = {isa = PBXBuildFile; fileRef = 54C22B2C2518E63F001947C4 /* GeometryReader.swift */; };
		54C22B332518E640001947C4 /* ForEach.swift in Sources */ = {isa = PBXBuildFile; fileRef = 54C22B2F2518E640001947C4 /* ForEach.swift */; };
		54C22B342518E640001947C4 /* List.swift in Sources */ = {isa = PBXBuildFile; fileRef = 54C22B2A2518E63F001947C4 /* List.swift */; };
		54C22B352518E640001947C4 /* TabView.swift in Sources */ = {isa = PBXBuildFile; fileRef = 54C22B2D2518E63F001947C4 /* TabView.swift */; };
		54C22B512518E744001947C4 /* _SymmetricallyScaledText.swift in Sources */ = {isa = PBXBuildFile; fileRef = 54C22B502518E744001947C4 /* _SymmetricallyScaledText.swift */; };
		54C22B552518E747001947C4 /* _DetachedView.swift in Sources */ = {isa = PBXBuildFile; fileRef = 54C22B542518E747001947C4 /* _DetachedView.swift */; };
		54C22B5E2518E74F001947C4 /* Text.swift in Sources */ = {isa = PBXBuildFile; fileRef = 54C22B5A2518E74E001947C4 /* Text.swift */; };
		54C22B5F2518E74F001947C4 /* _ResolvedPopUpButton.swift in Sources */ = {isa = PBXBuildFile; fileRef = 54C22B5D2518E74F001947C4 /* _ResolvedPopUpButton.swift */; };
		54C22B602518E74F001947C4 /* Group.swift in Sources */ = {isa = PBXBuildFile; fileRef = 54C22B5B2518E74F001947C4 /* Group.swift */; };
		54C22B612518E74F001947C4 /* ZStack.swift in Sources */ = {isa = PBXBuildFile; fileRef = 54C22B5C2518E74F001947C4 /* ZStack.swift */; };
		54C22B6A2518E751001947C4 /* _PreferenceReadingView.swift in Sources */ = {isa = PBXBuildFile; fileRef = 54C22B652518E751001947C4 /* _PreferenceReadingView.swift */; };
		54C22B6B2518E751001947C4 /* HStack.swift in Sources */ = {isa = PBXBuildFile; fileRef = 54C22B682518E751001947C4 /* HStack.swift */; };
		54C22B6C2518E751001947C4 /* _ShapeView.swift in Sources */ = {isa = PBXBuildFile; fileRef = 54C22B642518E751001947C4 /* _ShapeView.swift */; };
		54C22B6D2518E751001947C4 /* _MaskEffect.swift in Sources */ = {isa = PBXBuildFile; fileRef = 54C22B692518E751001947C4 /* _MaskEffect.swift */; };
		54C22B872518E886001947C4 /* Button.swift in Sources */ = {isa = PBXBuildFile; fileRef = 54C22B862518E886001947C4 /* Button.swift */; };
		54C22B8C2518E88A001947C4 /* DatePicker.swift in Sources */ = {isa = PBXBuildFile; fileRef = 54C22B8B2518E88A001947C4 /* DatePicker.swift */; };
		54C22B8D2518E88A001947C4 /* _UnaryViewAdaptor.swift in Sources */ = {isa = PBXBuildFile; fileRef = 54C22B8A2518E889001947C4 /* _UnaryViewAdaptor.swift */; };
		54C22B902518E88B001947C4 /* _ConditionalContent.swift in Sources */ = {isa = PBXBuildFile; fileRef = 54C22B8F2518E88B001947C4 /* _ConditionalContent.swift */; };
		54C22B9A2518E88E001947C4 /* Form.swift in Sources */ = {isa = PBXBuildFile; fileRef = 54C22B992518E88E001947C4 /* Form.swift */; };
		54C22B9B2518E88E001947C4 /* EmptyView.swift in Sources */ = {isa = PBXBuildFile; fileRef = 54C22B982518E88E001947C4 /* EmptyView.swift */; };
		54C22B9C2518E88E001947C4 /* Never.swift in Sources */ = {isa = PBXBuildFile; fileRef = 54C22B942518E88E001947C4 /* Never.swift */; };
		54C22B9D2518E88E001947C4 /* Picker.swift in Sources */ = {isa = PBXBuildFile; fileRef = 54C22B962518E88E001947C4 /* Picker.swift */; };
		54C22B9E2518E88E001947C4 /* UIHostingController.swift in Sources */ = {isa = PBXBuildFile; fileRef = 54C22B952518E88E001947C4 /* UIHostingController.swift */; };
		54C22B9F2518E88E001947C4 /* Image.swift in Sources */ = {isa = PBXBuildFile; fileRef = 54C22B972518E88E001947C4 /* Image.swift */; };
		54C22BB92518E9B1001947C4 /* UIViewRepresentable.swift in Sources */ = {isa = PBXBuildFile; fileRef = 54C22BB82518E9B1001947C4 /* UIViewRepresentable.swift */; };
		54C22BC32518E9D9001947C4 /* TupleView.swift in Sources */ = {isa = PBXBuildFile; fileRef = 54C22BC22518E9D9001947C4 /* TupleView.swift */; };
		54C22BC72518E9DA001947C4 /* _ViewModifier_Content.swift in Sources */ = {isa = PBXBuildFile; fileRef = 54C22BC62518E9DA001947C4 /* _ViewModifier_Content.swift */; };
		54C22BCB2518E9DB001947C4 /* Spacer.swift in Sources */ = {isa = PBXBuildFile; fileRef = 54C22BCA2518E9DB001947C4 /* Spacer.swift */; };
/* End PBXBuildFile section */

/* Begin PBXContainerItemProxy section */
		54919F69250A629C00767B94 /* PBXContainerItemProxy */ = {
			isa = PBXContainerItemProxy;
			containerPortal = 54919F4A250A629B00767B94 /* Project object */;
			proxyType = 1;
			remoteGlobalIDString = 54919F51250A629B00767B94;
			remoteInfo = "SwiftUIJson-App";
		};
/* End PBXContainerItemProxy section */

/* Begin PBXFileReference section */
		54431541251687AA00BFDD83 /* ContentView.swift */ = {isa = PBXFileReference; lastKnownFileType = sourcecode.swift; path = ContentView.swift; sourceTree = "<group>"; };
		5443154F2517E59100BFDD83 /* Extensions.swift */ = {isa = PBXFileReference; lastKnownFileType = sourcecode.swift; path = Extensions.swift; sourceTree = "<group>"; };
		544A378D250EE589007CC305 /* SampleView.swift */ = {isa = PBXFileReference; lastKnownFileType = sourcecode.swift; path = SampleView.swift; sourceTree = "<group>"; };
		544A3791250FAD04007CC305 /* LocalizedStringKey.swift */ = {isa = PBXFileReference; lastKnownFileType = sourcecode.swift; path = LocalizedStringKey.swift; sourceTree = "<group>"; };
		546538F425166AB2003161DE /* JsonPreview.swift */ = {isa = PBXFileReference; lastKnownFileType = sourcecode.swift; path = JsonPreview.swift; sourceTree = "<group>"; };
		546836EC250D317F00CE1AF1 /* B06a_LandmarkList.swift */ = {isa = PBXFileReference; fileEncoding = 4; lastKnownFileType = sourcecode.swift; path = B06a_LandmarkList.swift; sourceTree = "<group>"; };
		546836EE250D32B600CE1AF1 /* B07a_CircleImage.swift */ = {isa = PBXFileReference; fileEncoding = 4; lastKnownFileType = sourcecode.swift; path = B07a_CircleImage.swift; sourceTree = "<group>"; };
		546836EF250D32B600CE1AF1 /* B06b_LandmarkList.swift */ = {isa = PBXFileReference; fileEncoding = 4; lastKnownFileType = sourcecode.swift; path = B06b_LandmarkList.swift; sourceTree = "<group>"; };
		546836F0250D32B600CE1AF1 /* B06c_LandmarkList.swift */ = {isa = PBXFileReference; fileEncoding = 4; lastKnownFileType = sourcecode.swift; path = B06c_LandmarkList.swift; sourceTree = "<group>"; };
		546836F4250D340600CE1AF1 /* B07d_LandmarkDetail.swift */ = {isa = PBXFileReference; fileEncoding = 4; lastKnownFileType = sourcecode.swift; path = B07d_LandmarkDetail.swift; sourceTree = "<group>"; };
		546836F5250D340600CE1AF1 /* B07c_LandmarkDetail.swift */ = {isa = PBXFileReference; fileEncoding = 4; lastKnownFileType = sourcecode.swift; path = B07c_LandmarkDetail.swift; sourceTree = "<group>"; };
		546836F6250D340600CE1AF1 /* B07b_MapView.swift */ = {isa = PBXFileReference; fileEncoding = 4; lastKnownFileType = sourcecode.swift; path = B07b_MapView.swift; sourceTree = "<group>"; };
		546836FA250D355E00CE1AF1 /* B07e_LandmarkDetail.swift */ = {isa = PBXFileReference; fileEncoding = 4; lastKnownFileType = sourcecode.swift; path = B07e_LandmarkDetail.swift; sourceTree = "<group>"; };
		546836FC250D35FE00CE1AF1 /* B07f_LandmarkList.swift */ = {isa = PBXFileReference; fileEncoding = 4; lastKnownFileType = sourcecode.swift; path = B07f_LandmarkList.swift; sourceTree = "<group>"; };
		546836FE250D3AB100CE1AF1 /* B08c_LandmarkList.swift */ = {isa = PBXFileReference; fileEncoding = 4; lastKnownFileType = sourcecode.swift; path = B08c_LandmarkList.swift; sourceTree = "<group>"; };
		546836FF250D3AB100CE1AF1 /* B08b_LandmarkList.swift */ = {isa = PBXFileReference; fileEncoding = 4; lastKnownFileType = sourcecode.swift; path = B08b_LandmarkList.swift; sourceTree = "<group>"; };
		54683700250D3AB100CE1AF1 /* B08a_LandmarkList.swift */ = {isa = PBXFileReference; fileEncoding = 4; lastKnownFileType = sourcecode.swift; path = B08a_LandmarkList.swift; sourceTree = "<group>"; };
		54919F52250A629B00767B94 /* SwiftUIJson-App.app */ = {isa = PBXFileReference; explicitFileType = wrapper.application; includeInIndex = 0; path = "SwiftUIJson-App.app"; sourceTree = BUILT_PRODUCTS_DIR; };
		54919F55250A629B00767B94 /* AppDelegate.swift */ = {isa = PBXFileReference; lastKnownFileType = sourcecode.swift; path = AppDelegate.swift; sourceTree = "<group>"; };
		54919F57250A629B00767B94 /* SceneDelegate.swift */ = {isa = PBXFileReference; lastKnownFileType = sourcecode.swift; path = SceneDelegate.swift; sourceTree = "<group>"; };
		54919F5B250A629C00767B94 /* Assets.xcassets */ = {isa = PBXFileReference; lastKnownFileType = folder.assetcatalog; path = Assets.xcassets; sourceTree = "<group>"; };
		54919F5E250A629C00767B94 /* Preview Assets.xcassets */ = {isa = PBXFileReference; lastKnownFileType = folder.assetcatalog; path = "Preview Assets.xcassets"; sourceTree = "<group>"; };
		54919F61250A629C00767B94 /* Base */ = {isa = PBXFileReference; lastKnownFileType = file.storyboard; name = Base; path = Base.lproj/LaunchScreen.storyboard; sourceTree = "<group>"; };
		54919F63250A629C00767B94 /* Info.plist */ = {isa = PBXFileReference; lastKnownFileType = text.plist.xml; path = Info.plist; sourceTree = "<group>"; };
		54919F68250A629C00767B94 /* SwiftUIJson-AppUITests.xctest */ = {isa = PBXFileReference; explicitFileType = wrapper.cfbundle; includeInIndex = 0; path = "SwiftUIJson-AppUITests.xctest"; sourceTree = BUILT_PRODUCTS_DIR; };
		54919F6C250A629C00767B94 /* SwiftUIJson_AppUITests.swift */ = {isa = PBXFileReference; lastKnownFileType = sourcecode.swift; path = SwiftUIJson_AppUITests.swift; sourceTree = "<group>"; };
		54919F6E250A629C00767B94 /* Info.plist */ = {isa = PBXFileReference; lastKnownFileType = text.plist.xml; path = Info.plist; sourceTree = "<group>"; };
		54919F78250A651A00767B94 /* A01a_ContentView.swift */ = {isa = PBXFileReference; fileEncoding = 4; lastKnownFileType = sourcecode.swift; path = A01a_ContentView.swift; sourceTree = "<group>"; };
		54919F7C250A65D100767B94 /* A04a_CircleImage.swift */ = {isa = PBXFileReference; fileEncoding = 4; lastKnownFileType = sourcecode.swift; path = A04a_CircleImage.swift; sourceTree = "<group>"; };
		54919F7D250A65D100767B94 /* A02a_ContentView.swift */ = {isa = PBXFileReference; fileEncoding = 4; lastKnownFileType = sourcecode.swift; path = A02a_ContentView.swift; sourceTree = "<group>"; };
		54919F80250A65D200767B94 /* A06a_ContentView.swift */ = {isa = PBXFileReference; fileEncoding = 4; lastKnownFileType = sourcecode.swift; path = A06a_ContentView.swift; sourceTree = "<group>"; };
		54919F83250A65D200767B94 /* A03a_ContentView.swift */ = {isa = PBXFileReference; fileEncoding = 4; lastKnownFileType = sourcecode.swift; path = A03a_ContentView.swift; sourceTree = "<group>"; };
		54919F8E250A671200767B94 /* A02b_ContentView.swift */ = {isa = PBXFileReference; fileEncoding = 4; lastKnownFileType = sourcecode.swift; path = A02b_ContentView.swift; sourceTree = "<group>"; };
		54919F90250A676400767B94 /* A03b_ContentView.swift */ = {isa = PBXFileReference; fileEncoding = 4; lastKnownFileType = sourcecode.swift; path = A03b_ContentView.swift; sourceTree = "<group>"; };
		54919F91250A676400767B94 /* A03c_ContentView.swift */ = {isa = PBXFileReference; fileEncoding = 4; lastKnownFileType = sourcecode.swift; path = A03c_ContentView.swift; sourceTree = "<group>"; };
		54919F92250A676400767B94 /* A03d_ContentView.swift */ = {isa = PBXFileReference; fileEncoding = 4; lastKnownFileType = sourcecode.swift; path = A03d_ContentView.swift; sourceTree = "<group>"; };
		54919F96250A67DF00767B94 /* A03e_ContentView.swift */ = {isa = PBXFileReference; fileEncoding = 4; lastKnownFileType = sourcecode.swift; path = A03e_ContentView.swift; sourceTree = "<group>"; };
		54919F98250A67DF00767B94 /* A03f_ContentView.swift */ = {isa = PBXFileReference; fileEncoding = 4; lastKnownFileType = sourcecode.swift; path = A03f_ContentView.swift; sourceTree = "<group>"; };
		54919F9E250A688A00767B94 /* A01b_ContentView.swift */ = {isa = PBXFileReference; fileEncoding = 4; lastKnownFileType = sourcecode.swift; path = A01b_ContentView.swift; sourceTree = "<group>"; };
		54919FA2250A69D900767B94 /* A04b_CircleImage.swift */ = {isa = PBXFileReference; fileEncoding = 4; lastKnownFileType = sourcecode.swift; path = A04b_CircleImage.swift; sourceTree = "<group>"; };
		54919FA3250A69D900767B94 /* A04d_CircleImage.swift */ = {isa = PBXFileReference; fileEncoding = 4; lastKnownFileType = sourcecode.swift; path = A04d_CircleImage.swift; sourceTree = "<group>"; };
		54919FA4250A69D900767B94 /* A04c_CircleImage.swift */ = {isa = PBXFileReference; fileEncoding = 4; lastKnownFileType = sourcecode.swift; path = A04c_CircleImage.swift; sourceTree = "<group>"; };
		54919FA5250A69D900767B94 /* A04e_CircleImage.swift */ = {isa = PBXFileReference; fileEncoding = 4; lastKnownFileType = sourcecode.swift; path = A04e_CircleImage.swift; sourceTree = "<group>"; };
		54919FAB250A6AD100767B94 /* A05_MapView.swift */ = {isa = PBXFileReference; fileEncoding = 4; lastKnownFileType = sourcecode.swift; path = A05_MapView.swift; sourceTree = "<group>"; };
		54919FB0250A6B5800767B94 /* A06g_ContentView.swift */ = {isa = PBXFileReference; fileEncoding = 4; lastKnownFileType = sourcecode.swift; path = A06g_ContentView.swift; sourceTree = "<group>"; };
		54919FB3250A6B5800767B94 /* A06c_ContentView.swift */ = {isa = PBXFileReference; fileEncoding = 4; lastKnownFileType = sourcecode.swift; path = A06c_ContentView.swift; sourceTree = "<group>"; };
		54919FB4250A6B5800767B94 /* A06b_ContentView.swift */ = {isa = PBXFileReference; fileEncoding = 4; lastKnownFileType = sourcecode.swift; path = A06b_ContentView.swift; sourceTree = "<group>"; };
		54919FB5250A6B5800767B94 /* A06e_ContentView.swift */ = {isa = PBXFileReference; fileEncoding = 4; lastKnownFileType = sourcecode.swift; path = A06e_ContentView.swift; sourceTree = "<group>"; };
		54919FB6250A6B5800767B94 /* A06f_ContentView.swift */ = {isa = PBXFileReference; fileEncoding = 4; lastKnownFileType = sourcecode.swift; path = A06f_ContentView.swift; sourceTree = "<group>"; };
		54919FB7250A6B5800767B94 /* A06d_ContentView.swift */ = {isa = PBXFileReference; fileEncoding = 4; lastKnownFileType = sourcecode.swift; path = A06d_ContentView.swift; sourceTree = "<group>"; };
		54919FC1250A6FF200767B94 /* Readme.md */ = {isa = PBXFileReference; fileEncoding = 4; lastKnownFileType = net.daringfireball.markdown; path = Readme.md; sourceTree = "<group>"; };
		54919FC3250A700B00767B94 /* Landmark.swift */ = {isa = PBXFileReference; fileEncoding = 4; lastKnownFileType = sourcecode.swift; path = Landmark.swift; sourceTree = "<group>"; };
		54919FC5250A709500767B94 /* B03b_LandmarkRow.swift */ = {isa = PBXFileReference; fileEncoding = 4; lastKnownFileType = sourcecode.swift; path = B03b_LandmarkRow.swift; sourceTree = "<group>"; };
		54919FC7250A709500767B94 /* B02c_LandmarkRow.swift */ = {isa = PBXFileReference; fileEncoding = 4; lastKnownFileType = sourcecode.swift; path = B02c_LandmarkRow.swift; sourceTree = "<group>"; };
		54919FC8250A709500767B94 /* B02d_LandmarkRow.swift */ = {isa = PBXFileReference; fileEncoding = 4; lastKnownFileType = sourcecode.swift; path = B02d_LandmarkRow.swift; sourceTree = "<group>"; };
		54919FC9250A709500767B94 /* B03c_LandmarkRow.swift */ = {isa = PBXFileReference; fileEncoding = 4; lastKnownFileType = sourcecode.swift; path = B03c_LandmarkRow.swift; sourceTree = "<group>"; };
		54919FCA250A709500767B94 /* B02b_LandmarkRow.swift */ = {isa = PBXFileReference; fileEncoding = 4; lastKnownFileType = sourcecode.swift; path = B02b_LandmarkRow.swift; sourceTree = "<group>"; };
		54919FCB250A709500767B94 /* B05a_LandmarkList.swift */ = {isa = PBXFileReference; fileEncoding = 4; lastKnownFileType = sourcecode.swift; path = B05a_LandmarkList.swift; sourceTree = "<group>"; };
		54919FCC250A709500767B94 /* B05b_LandmarkList.swift */ = {isa = PBXFileReference; fileEncoding = 4; lastKnownFileType = sourcecode.swift; path = B05b_LandmarkList.swift; sourceTree = "<group>"; };
		54919FCD250A709500767B94 /* B03d_LandmarkRow.swift */ = {isa = PBXFileReference; fileEncoding = 4; lastKnownFileType = sourcecode.swift; path = B03d_LandmarkRow.swift; sourceTree = "<group>"; };
		54919FCE250A709500767B94 /* B04a_LandmarkList.swift */ = {isa = PBXFileReference; fileEncoding = 4; lastKnownFileType = sourcecode.swift; path = B04a_LandmarkList.swift; sourceTree = "<group>"; };
		54919FCF250A709500767B94 /* LandmarkDetail.swift */ = {isa = PBXFileReference; fileEncoding = 4; lastKnownFileType = sourcecode.swift; path = LandmarkDetail.swift; sourceTree = "<group>"; };
		54919FD2250A709500767B94 /* B02a_LandmarkRow.swift */ = {isa = PBXFileReference; fileEncoding = 4; lastKnownFileType = sourcecode.swift; path = B02a_LandmarkRow.swift; sourceTree = "<group>"; };
		54919FD3250A709500767B94 /* B03a_LandmarkRow.swift */ = {isa = PBXFileReference; fileEncoding = 4; lastKnownFileType = sourcecode.swift; path = B03a_LandmarkRow.swift; sourceTree = "<group>"; };
		54919FE3250A78D300767B94 /* B05e_LandmarkList.swift */ = {isa = PBXFileReference; fileEncoding = 4; lastKnownFileType = sourcecode.swift; path = B05e_LandmarkList.swift; sourceTree = "<group>"; };
		54919FE7250A7A2F00767B94 /* turtlerock.jpg */ = {isa = PBXFileReference; lastKnownFileType = image.jpeg; path = turtlerock.jpg; sourceTree = "<group>"; };
		54919FE8250A7A2F00767B94 /* silversalmoncreek.jpg */ = {isa = PBXFileReference; lastKnownFileType = image.jpeg; path = silversalmoncreek.jpg; sourceTree = "<group>"; };
		54919FE9250A7A2F00767B94 /* icybay.jpg */ = {isa = PBXFileReference; lastKnownFileType = image.jpeg; path = icybay.jpg; sourceTree = "<group>"; };
		54919FEA250A7A2F00767B94 /* lakemcdonald.jpg */ = {isa = PBXFileReference; lastKnownFileType = image.jpeg; path = lakemcdonald.jpg; sourceTree = "<group>"; };
		54919FEB250A7A2F00767B94 /* hiddenlake.jpg */ = {isa = PBXFileReference; lastKnownFileType = image.jpeg; path = hiddenlake.jpg; sourceTree = "<group>"; };
		54919FEC250A7A2F00767B94 /* twinlake.jpg */ = {isa = PBXFileReference; lastKnownFileType = image.jpeg; path = twinlake.jpg; sourceTree = "<group>"; };
		54919FED250A7A2F00767B94 /* umbagog.jpg */ = {isa = PBXFileReference; lastKnownFileType = image.jpeg; path = umbagog.jpg; sourceTree = "<group>"; };
		54919FEE250A7A2F00767B94 /* landmarkData.json */ = {isa = PBXFileReference; fileEncoding = 4; lastKnownFileType = text.json; path = landmarkData.json; sourceTree = "<group>"; };
		54919FEF250A7A2F00767B94 /* chincoteague.jpg */ = {isa = PBXFileReference; lastKnownFileType = image.jpeg; path = chincoteague.jpg; sourceTree = "<group>"; };
		54919FF0250A7A2F00767B94 /* yukon_charleyrivers.jpg */ = {isa = PBXFileReference; lastKnownFileType = image.jpeg; path = yukon_charleyrivers.jpg; sourceTree = "<group>"; };
		54919FF1250A7A2F00767B94 /* stmarylake.jpg */ = {isa = PBXFileReference; lastKnownFileType = image.jpeg; path = stmarylake.jpg; sourceTree = "<group>"; };
		54919FF2250A7A2F00767B94 /* chilkoottrail.jpg */ = {isa = PBXFileReference; lastKnownFileType = image.jpeg; path = chilkoottrail.jpg; sourceTree = "<group>"; };
		54919FF3250A7A2F00767B94 /* rainbowlake.jpg */ = {isa = PBXFileReference; lastKnownFileType = image.jpeg; path = rainbowlake.jpg; sourceTree = "<group>"; };
		5491A001250A7B2100767B94 /* Data.swift */ = {isa = PBXFileReference; fileEncoding = 4; lastKnownFileType = sourcecode.swift; path = Data.swift; sourceTree = "<group>"; };
		54C22A592518E1DC001947C4 /* Root.swift */ = {isa = PBXFileReference; lastKnownFileType = sourcecode.swift; path = Root.swift; sourceTree = "<group>"; };
		54C22A5F2518E1F2001947C4 /* View.swift */ = {isa = PBXFileReference; lastKnownFileType = sourcecode.swift; path = View.swift; sourceTree = "<group>"; };
		54C22A6F2518E26E001947C4 /* _PullDownButton.swift */ = {isa = PBXFileReference; lastKnownFileType = sourcecode.swift; path = _PullDownButton.swift; sourceTree = "<group>"; };
		54C22A772518E2C3001947C4 /* Toggle.swift */ = {isa = PBXFileReference; lastKnownFileType = sourcecode.swift; path = Toggle.swift; sourceTree = "<group>"; };
		54C22A7D2518E2D8001947C4 /* SubscriptionView.swift */ = {isa = PBXFileReference; lastKnownFileType = sourcecode.swift; path = SubscriptionView.swift; sourceTree = "<group>"; };
		54C22A812518E2DA001947C4 /* ModifiedContent.swift */ = {isa = PBXFileReference; lastKnownFileType = sourcecode.swift; path = ModifiedContent.swift; sourceTree = "<group>"; };
		54C22A852518E2DB001947C4 /* NavigationView.swift */ = {isa = PBXFileReference; lastKnownFileType = sourcecode.swift; path = NavigationView.swift; sourceTree = "<group>"; };
		54C22A8D2518E2DE001947C4 /* MenuButton.swift */ = {isa = PBXFileReference; lastKnownFileType = sourcecode.swift; path = MenuButton.swift; sourceTree = "<group>"; };
		54C22A912518E2E0001947C4 /* EquatableView.swift */ = {isa = PBXFileReference; lastKnownFileType = sourcecode.swift; path = EquatableView.swift; sourceTree = "<group>"; };
		54C22A952518E2E1001947C4 /* ContextMenu.swift */ = {isa = PBXFileReference; lastKnownFileType = sourcecode.swift; path = ContextMenu.swift; sourceTree = "<group>"; };
		54C22AA72518E37B001947C4 /* EditButton.swift */ = {isa = PBXFileReference; lastKnownFileType = sourcecode.swift; path = EditButton.swift; sourceTree = "<group>"; };
		54C22AAB2518E37C001947C4 /* _DisclosureIndicator.swift */ = {isa = PBXFileReference; lastKnownFileType = sourcecode.swift; path = _DisclosureIndicator.swift; sourceTree = "<group>"; };
		54C22AAF2518E37D001947C4 /* _BackgroundModifier.swift */ = {isa = PBXFileReference; lastKnownFileType = sourcecode.swift; path = _BackgroundModifier.swift; sourceTree = "<group>"; };
		54C22AB32518E380001947C4 /* SecureField.swift */ = {isa = PBXFileReference; lastKnownFileType = sourcecode.swift; path = SecureField.swift; sourceTree = "<group>"; };
		54C22AB72518E381001947C4 /* _VariadicView.swift */ = {isa = PBXFileReference; lastKnownFileType = sourcecode.swift; path = _VariadicView.swift; sourceTree = "<group>"; };
		54C22ABB2518E383001947C4 /* Stepper.swift */ = {isa = PBXFileReference; lastKnownFileType = sourcecode.swift; path = Stepper.swift; sourceTree = "<group>"; };
		54C22ABF2518E384001947C4 /* _WKStoryboardContent.swift */ = {isa = PBXFileReference; lastKnownFileType = sourcecode.swift; path = _WKStoryboardContent.swift; sourceTree = "<group>"; };
		54C22AC32518E389001947C4 /* PasteButton.swift */ = {isa = PBXFileReference; lastKnownFileType = sourcecode.swift; path = PasteButton.swift; sourceTree = "<group>"; };
		54C22AC52518E38B001947C4 /* Slider.swift */ = {isa = PBXFileReference; lastKnownFileType = sourcecode.swift; path = Slider.swift; sourceTree = "<group>"; };
		54C22AC92518E38E001947C4 /* GroupBox.swift */ = {isa = PBXFileReference; lastKnownFileType = sourcecode.swift; path = GroupBox.swift; sourceTree = "<group>"; };
		54C22ACD2518E394001947C4 /* TextField.swift */ = {isa = PBXFileReference; lastKnownFileType = sourcecode.swift; path = TextField.swift; sourceTree = "<group>"; };
		54C22AD52518E396001947C4 /* _AligningContentProvider.swift */ = {isa = PBXFileReference; lastKnownFileType = sourcecode.swift; path = _AligningContentProvider.swift; sourceTree = "<group>"; };
		54C22AD92518E39A001947C4 /* _PagingView.swift */ = {isa = PBXFileReference; lastKnownFileType = sourcecode.swift; path = _PagingView.swift; sourceTree = "<group>"; };
		54C22ADB2518E39C001947C4 /* NavigationLink.swift */ = {isa = PBXFileReference; lastKnownFileType = sourcecode.swift; path = NavigationLink.swift; sourceTree = "<group>"; };
		54C22ADF2518E3A5001947C4 /* Color.swift */ = {isa = PBXFileReference; lastKnownFileType = sourcecode.swift; path = Color.swift; sourceTree = "<group>"; };
		54C22AE32518E3B2001947C4 /* Bundle.swift */ = {isa = PBXFileReference; lastKnownFileType = sourcecode.swift; path = Bundle.swift; sourceTree = "<group>"; };
		54C22AE72518E3B4001947C4 /* Font.swift */ = {isa = PBXFileReference; lastKnownFileType = sourcecode.swift; path = Font.swift; sourceTree = "<group>"; };
		54C22B102518E5FD001947C4 /* TouchBar.swift */ = {isa = PBXFileReference; lastKnownFileType = sourcecode.swift; path = TouchBar.swift; sourceTree = "<group>"; };
		54C22B162518E62A001947C4 /* Section.swift */ = {isa = PBXFileReference; lastKnownFileType = sourcecode.swift; path = Section.swift; sourceTree = "<group>"; };
		54C22B1A2518E630001947C4 /* HSplitView.swift */ = {isa = PBXFileReference; lastKnownFileType = sourcecode.swift; path = HSplitView.swift; sourceTree = "<group>"; };
		54C22B1C2518E632001947C4 /* _DelayedPreferenceView.swift */ = {isa = PBXFileReference; lastKnownFileType = sourcecode.swift; path = _DelayedPreferenceView.swift; sourceTree = "<group>"; };
		54C22B1E2518E634001947C4 /* Divider.swift */ = {isa = PBXFileReference; lastKnownFileType = sourcecode.swift; path = Divider.swift; sourceTree = "<group>"; };
		54C22B202518E635001947C4 /* AnyView.swift */ = {isa = PBXFileReference; lastKnownFileType = sourcecode.swift; path = AnyView.swift; sourceTree = "<group>"; };
		54C22B222518E636001947C4 /* VStack.swift */ = {isa = PBXFileReference; lastKnownFileType = sourcecode.swift; path = VStack.swift; sourceTree = "<group>"; };
		54C22B262518E638001947C4 /* VSplitView.swift */ = {isa = PBXFileReference; lastKnownFileType = sourcecode.swift; path = VSplitView.swift; sourceTree = "<group>"; };
		54C22B2A2518E63F001947C4 /* List.swift */ = {isa = PBXFileReference; lastKnownFileType = sourcecode.swift; path = List.swift; sourceTree = "<group>"; };
		54C22B2B2518E63F001947C4 /* ScrollView.swift */ = {isa = PBXFileReference; lastKnownFileType = sourcecode.swift; path = ScrollView.swift; sourceTree = "<group>"; };
		54C22B2C2518E63F001947C4 /* GeometryReader.swift */ = {isa = PBXFileReference; lastKnownFileType = sourcecode.swift; path = GeometryReader.swift; sourceTree = "<group>"; };
		54C22B2D2518E63F001947C4 /* TabView.swift */ = {isa = PBXFileReference; lastKnownFileType = sourcecode.swift; path = TabView.swift; sourceTree = "<group>"; };
		54C22B2E2518E640001947C4 /* __ScaleToFitView.swift */ = {isa = PBXFileReference; lastKnownFileType = sourcecode.swift; path = __ScaleToFitView.swift; sourceTree = "<group>"; };
		54C22B2F2518E640001947C4 /* ForEach.swift */ = {isa = PBXFileReference; lastKnownFileType = sourcecode.swift; path = ForEach.swift; sourceTree = "<group>"; };
		54C22B502518E744001947C4 /* _SymmetricallyScaledText.swift */ = {isa = PBXFileReference; lastKnownFileType = sourcecode.swift; path = _SymmetricallyScaledText.swift; sourceTree = "<group>"; };
		54C22B542518E747001947C4 /* _DetachedView.swift */ = {isa = PBXFileReference; lastKnownFileType = sourcecode.swift; path = _DetachedView.swift; sourceTree = "<group>"; };
		54C22B5A2518E74E001947C4 /* Text.swift */ = {isa = PBXFileReference; lastKnownFileType = sourcecode.swift; path = Text.swift; sourceTree = "<group>"; };
		54C22B5B2518E74F001947C4 /* Group.swift */ = {isa = PBXFileReference; lastKnownFileType = sourcecode.swift; path = Group.swift; sourceTree = "<group>"; };
		54C22B5C2518E74F001947C4 /* ZStack.swift */ = {isa = PBXFileReference; lastKnownFileType = sourcecode.swift; path = ZStack.swift; sourceTree = "<group>"; };
		54C22B5D2518E74F001947C4 /* _ResolvedPopUpButton.swift */ = {isa = PBXFileReference; lastKnownFileType = sourcecode.swift; path = _ResolvedPopUpButton.swift; sourceTree = "<group>"; };
		54C22B642518E751001947C4 /* _ShapeView.swift */ = {isa = PBXFileReference; lastKnownFileType = sourcecode.swift; path = _ShapeView.swift; sourceTree = "<group>"; };
		54C22B652518E751001947C4 /* _PreferenceReadingView.swift */ = {isa = PBXFileReference; lastKnownFileType = sourcecode.swift; path = _PreferenceReadingView.swift; sourceTree = "<group>"; };
		54C22B682518E751001947C4 /* HStack.swift */ = {isa = PBXFileReference; lastKnownFileType = sourcecode.swift; path = HStack.swift; sourceTree = "<group>"; };
		54C22B692518E751001947C4 /* _MaskEffect.swift */ = {isa = PBXFileReference; lastKnownFileType = sourcecode.swift; path = _MaskEffect.swift; sourceTree = "<group>"; };
		54C22B862518E886001947C4 /* Button.swift */ = {isa = PBXFileReference; lastKnownFileType = sourcecode.swift; path = Button.swift; sourceTree = "<group>"; };
		54C22B8A2518E889001947C4 /* _UnaryViewAdaptor.swift */ = {isa = PBXFileReference; lastKnownFileType = sourcecode.swift; path = _UnaryViewAdaptor.swift; sourceTree = "<group>"; };
		54C22B8B2518E88A001947C4 /* DatePicker.swift */ = {isa = PBXFileReference; lastKnownFileType = sourcecode.swift; path = DatePicker.swift; sourceTree = "<group>"; };
		54C22B8F2518E88B001947C4 /* _ConditionalContent.swift */ = {isa = PBXFileReference; lastKnownFileType = sourcecode.swift; path = _ConditionalContent.swift; sourceTree = "<group>"; };
		54C22B942518E88E001947C4 /* Never.swift */ = {isa = PBXFileReference; lastKnownFileType = sourcecode.swift; path = Never.swift; sourceTree = "<group>"; };
		54C22B952518E88E001947C4 /* UIHostingController.swift */ = {isa = PBXFileReference; lastKnownFileType = sourcecode.swift; path = UIHostingController.swift; sourceTree = "<group>"; };
		54C22B962518E88E001947C4 /* Picker.swift */ = {isa = PBXFileReference; lastKnownFileType = sourcecode.swift; path = Picker.swift; sourceTree = "<group>"; };
		54C22B972518E88E001947C4 /* Image.swift */ = {isa = PBXFileReference; lastKnownFileType = sourcecode.swift; path = Image.swift; sourceTree = "<group>"; };
		54C22B982518E88E001947C4 /* EmptyView.swift */ = {isa = PBXFileReference; lastKnownFileType = sourcecode.swift; path = EmptyView.swift; sourceTree = "<group>"; };
		54C22B992518E88E001947C4 /* Form.swift */ = {isa = PBXFileReference; lastKnownFileType = sourcecode.swift; path = Form.swift; sourceTree = "<group>"; };
		54C22BB82518E9B1001947C4 /* UIViewRepresentable.swift */ = {isa = PBXFileReference; lastKnownFileType = sourcecode.swift; path = UIViewRepresentable.swift; sourceTree = "<group>"; };
		54C22BC22518E9D9001947C4 /* TupleView.swift */ = {isa = PBXFileReference; lastKnownFileType = sourcecode.swift; path = TupleView.swift; sourceTree = "<group>"; };
		54C22BC62518E9DA001947C4 /* _ViewModifier_Content.swift */ = {isa = PBXFileReference; lastKnownFileType = sourcecode.swift; path = _ViewModifier_Content.swift; sourceTree = "<group>"; };
		54C22BCA2518E9DB001947C4 /* Spacer.swift */ = {isa = PBXFileReference; lastKnownFileType = sourcecode.swift; path = Spacer.swift; sourceTree = "<group>"; };
/* End PBXFileReference section */

/* Begin PBXFrameworksBuildPhase section */
		54919F4F250A629B00767B94 /* Frameworks */ = {
			isa = PBXFrameworksBuildPhase;
			buildActionMask = 2147483647;
			files = (
			);
			runOnlyForDeploymentPostprocessing = 0;
		};
		54919F65250A629C00767B94 /* Frameworks */ = {
			isa = PBXFrameworksBuildPhase;
			buildActionMask = 2147483647;
			files = (
			);
			runOnlyForDeploymentPostprocessing = 0;
		};
/* End PBXFrameworksBuildPhase section */

/* Begin PBXGroup section */
		54683704250E659400CE1AF1 /* E - Animating Views and Transitions */ = {
			isa = PBXGroup;
			children = (
			);
			path = "E - Animating Views and Transitions";
			sourceTree = "<group>";
		};
		54683705250E65AB00CE1AF1 /* D - Drawing Paths and Shapes */ = {
			isa = PBXGroup;
			children = (
			);
			path = "D - Drawing Paths and Shapes";
			sourceTree = "<group>";
		};
		54683706250E65BA00CE1AF1 /* 2 - Drawing and Animation */ = {
			isa = PBXGroup;
			children = (
				54683705250E65AB00CE1AF1 /* D - Drawing Paths and Shapes */,
				54683704250E659400CE1AF1 /* E - Animating Views and Transitions */,
			);
			path = "2 - Drawing and Animation";
			sourceTree = "<group>";
		};
		54683707250E65CE00CE1AF1 /* 1 - SwiftUI Essentials */ = {
			isa = PBXGroup;
			children = (
				54919F77250A649200767B94 /* A - Creating and Combining Views */,
				54919FC0250A6FB900767B94 /* B - Building Lists and Navigation */,
				54683708250E65FA00CE1AF1 /* C - Handling User Input */,
			);
			path = "1 - SwiftUI Essentials";
			sourceTree = "<group>";
		};
		54683708250E65FA00CE1AF1 /* C - Handling User Input */ = {
			isa = PBXGroup;
			children = (
			);
			path = "C - Handling User Input";
			sourceTree = "<group>";
		};
		54683709250E662200CE1AF1 /* 3 - App Design and Layout */ = {
			isa = PBXGroup;
			children = (
				5468370A250E664100CE1AF1 /* F - Composing Complex Interfaces */,
				5468370B250E665600CE1AF1 /* G - Working with UI Controls */,
			);
			path = "3 - App Design and Layout";
			sourceTree = "<group>";
		};
		5468370A250E664100CE1AF1 /* F - Composing Complex Interfaces */ = {
			isa = PBXGroup;
			children = (
			);
			path = "F - Composing Complex Interfaces";
			sourceTree = "<group>";
		};
		5468370B250E665600CE1AF1 /* G - Working with UI Controls */ = {
			isa = PBXGroup;
			children = (
			);
			path = "G - Working with UI Controls";
			sourceTree = "<group>";
		};
		5468370C250E66DA00CE1AF1 /* 4 - Framework Integration */ = {
			isa = PBXGroup;
			children = (
				5468370D250E66EB00CE1AF1 /* H - Interfacing with UIKit */,
			);
			path = "4 - Framework Integration";
			sourceTree = "<group>";
		};
		5468370D250E66EB00CE1AF1 /* H - Interfacing with UIKit */ = {
			isa = PBXGroup;
			children = (
			);
			path = "H - Interfacing with UIKit";
			sourceTree = "<group>";
		};
		54683713250E67D300CE1AF1 /* SwiftUIJson */ = {
			isa = PBXGroup;
			children = (
				5443154F2517E59100BFDD83 /* Extensions.swift */,
				54C22AF12518E3FD001947C4 /* Foundation */,
				546538F425166AB2003161DE /* JsonPreview.swift */,
				544A378D250EE589007CC305 /* SampleView.swift */,
				54C22A582518E1D3001947C4 /* SwiftUI */,
			);
			path = SwiftUIJson;
			sourceTree = "<group>";
		};
		54919F49250A629B00767B94 = {
			isa = PBXGroup;
			children = (
				54919F54250A629B00767B94 /* SwiftUIJson-App */,
				54919F6B250A629C00767B94 /* SwiftUIJson-AppUITests */,
				54919F53250A629B00767B94 /* Products */,
			);
			sourceTree = "<group>";
		};
		54919F53250A629B00767B94 /* Products */ = {
			isa = PBXGroup;
			children = (
				54919F52250A629B00767B94 /* SwiftUIJson-App.app */,
				54919F68250A629C00767B94 /* SwiftUIJson-AppUITests.xctest */,
			);
			name = Products;
			sourceTree = "<group>";
		};
		54919F54250A629B00767B94 /* SwiftUIJson-App */ = {
			isa = PBXGroup;
			children = (
				54683707250E65CE00CE1AF1 /* 1 - SwiftUI Essentials */,
				54683706250E65BA00CE1AF1 /* 2 - Drawing and Animation */,
				54683709250E662200CE1AF1 /* 3 - App Design and Layout */,
				5468370C250E66DA00CE1AF1 /* 4 - Framework Integration */,
				54919F55250A629B00767B94 /* AppDelegate.swift */,
				54919F5B250A629C00767B94 /* Assets.xcassets */,
				54431541251687AA00BFDD83 /* ContentView.swift */,
				54919F63250A629C00767B94 /* Info.plist */,
				54919F60250A629C00767B94 /* LaunchScreen.storyboard */,
				54919F5D250A629C00767B94 /* Preview Content */,
				54919FC1250A6FF200767B94 /* Readme.md */,
				54919FE6250A7A2F00767B94 /* Resources */,
				54919F57250A629B00767B94 /* SceneDelegate.swift */,
				54683713250E67D300CE1AF1 /* SwiftUIJson */,
			);
			path = "SwiftUIJson-App";
			sourceTree = "<group>";
		};
		54919F5D250A629C00767B94 /* Preview Content */ = {
			isa = PBXGroup;
			children = (
				54919F5E250A629C00767B94 /* Preview Assets.xcassets */,
			);
			path = "Preview Content";
			sourceTree = "<group>";
		};
		54919F6B250A629C00767B94 /* SwiftUIJson-AppUITests */ = {
			isa = PBXGroup;
			children = (
				54919F6C250A629C00767B94 /* SwiftUIJson_AppUITests.swift */,
				54919F6E250A629C00767B94 /* Info.plist */,
			);
			path = "SwiftUIJson-AppUITests";
			sourceTree = "<group>";
		};
		54919F77250A649200767B94 /* A - Creating and Combining Views */ = {
			isa = PBXGroup;
			children = (
				54919F78250A651A00767B94 /* A01a_ContentView.swift */,
				54919F9E250A688A00767B94 /* A01b_ContentView.swift */,
				54919F7D250A65D100767B94 /* A02a_ContentView.swift */,
				54919F8E250A671200767B94 /* A02b_ContentView.swift */,
				54919F83250A65D200767B94 /* A03a_ContentView.swift */,
				54919F90250A676400767B94 /* A03b_ContentView.swift */,
				54919F91250A676400767B94 /* A03c_ContentView.swift */,
				54919F92250A676400767B94 /* A03d_ContentView.swift */,
				54919F96250A67DF00767B94 /* A03e_ContentView.swift */,
				54919F98250A67DF00767B94 /* A03f_ContentView.swift */,
				54919F7C250A65D100767B94 /* A04a_CircleImage.swift */,
				54919FA2250A69D900767B94 /* A04b_CircleImage.swift */,
				54919FA4250A69D900767B94 /* A04c_CircleImage.swift */,
				54919FA3250A69D900767B94 /* A04d_CircleImage.swift */,
				54919FA5250A69D900767B94 /* A04e_CircleImage.swift */,
				54919FAB250A6AD100767B94 /* A05_MapView.swift */,
				54919F80250A65D200767B94 /* A06a_ContentView.swift */,
				54919FB4250A6B5800767B94 /* A06b_ContentView.swift */,
				54919FB3250A6B5800767B94 /* A06c_ContentView.swift */,
				54919FB7250A6B5800767B94 /* A06d_ContentView.swift */,
				54919FB5250A6B5800767B94 /* A06e_ContentView.swift */,
				54919FB6250A6B5800767B94 /* A06f_ContentView.swift */,
				54919FB0250A6B5800767B94 /* A06g_ContentView.swift */,
			);
			path = "A - Creating and Combining Views";
			sourceTree = "<group>";
		};
		54919FC0250A6FB900767B94 /* B - Building Lists and Navigation */ = {
			isa = PBXGroup;
			children = (
				54919FD2250A709500767B94 /* B02a_LandmarkRow.swift */,
				54919FCA250A709500767B94 /* B02b_LandmarkRow.swift */,
				54919FC7250A709500767B94 /* B02c_LandmarkRow.swift */,
				54919FC8250A709500767B94 /* B02d_LandmarkRow.swift */,
				54919FD3250A709500767B94 /* B03a_LandmarkRow.swift */,
				54919FC5250A709500767B94 /* B03b_LandmarkRow.swift */,
				54919FC9250A709500767B94 /* B03c_LandmarkRow.swift */,
				54919FCD250A709500767B94 /* B03d_LandmarkRow.swift */,
				54919FCE250A709500767B94 /* B04a_LandmarkList.swift */,
				54919FCB250A709500767B94 /* B05a_LandmarkList.swift */,
				54919FCC250A709500767B94 /* B05b_LandmarkList.swift */,
				54919FE3250A78D300767B94 /* B05e_LandmarkList.swift */,
				546836EC250D317F00CE1AF1 /* B06a_LandmarkList.swift */,
				546836EF250D32B600CE1AF1 /* B06b_LandmarkList.swift */,
				546836F0250D32B600CE1AF1 /* B06c_LandmarkList.swift */,
				546836EE250D32B600CE1AF1 /* B07a_CircleImage.swift */,
				546836F6250D340600CE1AF1 /* B07b_MapView.swift */,
				546836F5250D340600CE1AF1 /* B07c_LandmarkDetail.swift */,
				546836F4250D340600CE1AF1 /* B07d_LandmarkDetail.swift */,
				546836FA250D355E00CE1AF1 /* B07e_LandmarkDetail.swift */,
				546836FC250D35FE00CE1AF1 /* B07f_LandmarkList.swift */,
				54683700250D3AB100CE1AF1 /* B08a_LandmarkList.swift */,
				546836FF250D3AB100CE1AF1 /* B08b_LandmarkList.swift */,
				546836FE250D3AB100CE1AF1 /* B08c_LandmarkList.swift */,
				5491A001250A7B2100767B94 /* Data.swift */,
				54919FC3250A700B00767B94 /* Landmark.swift */,
				54919FCF250A709500767B94 /* LandmarkDetail.swift */,
			);
			path = "B - Building Lists and Navigation";
			sourceTree = "<group>";
		};
		54919FE6250A7A2F00767B94 /* Resources */ = {
			isa = PBXGroup;
			children = (
				54919FE7250A7A2F00767B94 /* turtlerock.jpg */,
				54919FE8250A7A2F00767B94 /* silversalmoncreek.jpg */,
				54919FE9250A7A2F00767B94 /* icybay.jpg */,
				54919FEA250A7A2F00767B94 /* lakemcdonald.jpg */,
				54919FEB250A7A2F00767B94 /* hiddenlake.jpg */,
				54919FEC250A7A2F00767B94 /* twinlake.jpg */,
				54919FED250A7A2F00767B94 /* umbagog.jpg */,
				54919FEE250A7A2F00767B94 /* landmarkData.json */,
				54919FEF250A7A2F00767B94 /* chincoteague.jpg */,
				54919FF0250A7A2F00767B94 /* yukon_charleyrivers.jpg */,
				54919FF1250A7A2F00767B94 /* stmarylake.jpg */,
				54919FF2250A7A2F00767B94 /* chilkoottrail.jpg */,
				54919FF3250A7A2F00767B94 /* rainbowlake.jpg */,
			);
			path = Resources;
			sourceTree = "<group>";
		};
		54C22A582518E1D3001947C4 /* SwiftUI */ = {
			isa = PBXGroup;
			children = (
				54C22B2E2518E640001947C4 /* __ScaleToFitView.swift */,
				54C22AD52518E396001947C4 /* _AligningContentProvider.swift */,
				54C22AAF2518E37D001947C4 /* _BackgroundModifier.swift */,
				54C22B8F2518E88B001947C4 /* _ConditionalContent.swift */,
				54C22B1C2518E632001947C4 /* _DelayedPreferenceView.swift */,
				54C22B542518E747001947C4 /* _DetachedView.swift */,
				54C22AAB2518E37C001947C4 /* _DisclosureIndicator.swift */,
				54C22B692518E751001947C4 /* _MaskEffect.swift */,
				54C22AD92518E39A001947C4 /* _PagingView.swift */,
				54C22B652518E751001947C4 /* _PreferenceReadingView.swift */,
				54C22A6F2518E26E001947C4 /* _PullDownButton.swift */,
				54C22B5D2518E74F001947C4 /* _ResolvedPopUpButton.swift */,
				54C22B642518E751001947C4 /* _ShapeView.swift */,
				54C22B502518E744001947C4 /* _SymmetricallyScaledText.swift */,
				54C22B8A2518E889001947C4 /* _UnaryViewAdaptor.swift */,
				54C22AB72518E381001947C4 /* _VariadicView.swift */,
				54C22BC62518E9DA001947C4 /* _ViewModifier_Content.swift */,
				54C22ABF2518E384001947C4 /* _WKStoryboardContent.swift */,
				54C22B202518E635001947C4 /* AnyView.swift */,
				54C22B862518E886001947C4 /* Button.swift */,
				54C22ADF2518E3A5001947C4 /* Color.swift */,
				54C22A952518E2E1001947C4 /* ContextMenu.swift */,
				54C22B8B2518E88A001947C4 /* DatePicker.swift */,
				54C22B1E2518E634001947C4 /* Divider.swift */,
				54C22AA72518E37B001947C4 /* EditButton.swift */,
				54C22B982518E88E001947C4 /* EmptyView.swift */,
				54C22A912518E2E0001947C4 /* EquatableView.swift */,
				54C22AE72518E3B4001947C4 /* Font.swift */,
				54C22B2F2518E640001947C4 /* ForEach.swift */,
				54C22B992518E88E001947C4 /* Form.swift */,
				54C22B2C2518E63F001947C4 /* GeometryReader.swift */,
				54C22B5B2518E74F001947C4 /* Group.swift */,
				54C22AC92518E38E001947C4 /* GroupBox.swift */,
				54C22B1A2518E630001947C4 /* HSplitView.swift */,
				54C22B682518E751001947C4 /* HStack.swift */,
				54C22B972518E88E001947C4 /* Image.swift */,
				54C22B2A2518E63F001947C4 /* List.swift */,
				544A3791250FAD04007CC305 /* LocalizedStringKey.swift */,
				54C22A8D2518E2DE001947C4 /* MenuButton.swift */,
				54C22A812518E2DA001947C4 /* ModifiedContent.swift */,
				54C22ADB2518E39C001947C4 /* NavigationLink.swift */,
				54C22A852518E2DB001947C4 /* NavigationView.swift */,
				54C22B942518E88E001947C4 /* Never.swift */,
				54C22AC32518E389001947C4 /* PasteButton.swift */,
				54C22B962518E88E001947C4 /* Picker.swift */,
				54C22A592518E1DC001947C4 /* Root.swift */,
				54C22B2B2518E63F001947C4 /* ScrollView.swift */,
				54C22B162518E62A001947C4 /* Section.swift */,
				54C22AB32518E380001947C4 /* SecureField.swift */,
				54C22AC52518E38B001947C4 /* Slider.swift */,
				54C22BCA2518E9DB001947C4 /* Spacer.swift */,
				54C22ABB2518E383001947C4 /* Stepper.swift */,
				54C22A7D2518E2D8001947C4 /* SubscriptionView.swift */,
				54C22B2D2518E63F001947C4 /* TabView.swift */,
				54C22B5A2518E74E001947C4 /* Text.swift */,
				54C22ACD2518E394001947C4 /* TextField.swift */,
				54C22A772518E2C3001947C4 /* Toggle.swift */,
				54C22B102518E5FD001947C4 /* TouchBar.swift */,
				54C22BC22518E9D9001947C4 /* TupleView.swift */,
				54C22B952518E88E001947C4 /* UIHostingController.swift */,
				54C22BB82518E9B1001947C4 /* UIViewRepresentable.swift */,
				54C22A5F2518E1F2001947C4 /* View.swift */,
				54C22B262518E638001947C4 /* VSplitView.swift */,
				54C22B222518E636001947C4 /* VStack.swift */,
				54C22B5C2518E74F001947C4 /* ZStack.swift */,
			);
			path = SwiftUI;
			sourceTree = "<group>";
		};
		54C22AF12518E3FD001947C4 /* Foundation */ = {
			isa = PBXGroup;
			children = (
				54C22AE32518E3B2001947C4 /* Bundle.swift */,
			);
			path = Foundation;
			sourceTree = "<group>";
		};
/* End PBXGroup section */

/* Begin PBXNativeTarget section */
		54919F51250A629B00767B94 /* SwiftUIJson-App */ = {
			isa = PBXNativeTarget;
			buildConfigurationList = 54919F71250A629C00767B94 /* Build configuration list for PBXNativeTarget "SwiftUIJson-App" */;
			buildPhases = (
				54919F4E250A629B00767B94 /* Sources */,
				54919F4F250A629B00767B94 /* Frameworks */,
				54919F50250A629B00767B94 /* Resources */,
			);
			buildRules = (
			);
			dependencies = (
			);
			name = "SwiftUIJson-App";
			productName = "SwiftUIJson-App";
			productReference = 54919F52250A629B00767B94 /* SwiftUIJson-App.app */;
			productType = "com.apple.product-type.application";
		};
		54919F67250A629C00767B94 /* SwiftUIJson-AppUITests */ = {
			isa = PBXNativeTarget;
			buildConfigurationList = 54919F74250A629C00767B94 /* Build configuration list for PBXNativeTarget "SwiftUIJson-AppUITests" */;
			buildPhases = (
				54919F64250A629C00767B94 /* Sources */,
				54919F65250A629C00767B94 /* Frameworks */,
				54919F66250A629C00767B94 /* Resources */,
			);
			buildRules = (
			);
			dependencies = (
				54919F6A250A629C00767B94 /* PBXTargetDependency */,
			);
			name = "SwiftUIJson-AppUITests";
			productName = "SwiftUIJson-AppUITests";
			productReference = 54919F68250A629C00767B94 /* SwiftUIJson-AppUITests.xctest */;
			productType = "com.apple.product-type.bundle.ui-testing";
		};
/* End PBXNativeTarget section */

/* Begin PBXProject section */
		54919F4A250A629B00767B94 /* Project object */ = {
			isa = PBXProject;
			attributes = {
				LastSwiftUpdateCheck = 1170;
				LastUpgradeCheck = 1200;
				ORGANIZATIONNAME = "Sky Morey";
				TargetAttributes = {
					54919F51250A629B00767B94 = {
						CreatedOnToolsVersion = 11.7;
					};
					54919F67250A629C00767B94 = {
						CreatedOnToolsVersion = 11.7;
						TestTargetID = 54919F51250A629B00767B94;
					};
				};
			};
			buildConfigurationList = 54919F4D250A629B00767B94 /* Build configuration list for PBXProject "SwiftUIJson-App" */;
			compatibilityVersion = "Xcode 9.3";
			developmentRegion = en;
			hasScannedForEncodings = 0;
			knownRegions = (
				en,
				Base,
			);
			mainGroup = 54919F49250A629B00767B94;
			productRefGroup = 54919F53250A629B00767B94 /* Products */;
			projectDirPath = "";
			projectRoot = "";
			targets = (
				54919F51250A629B00767B94 /* SwiftUIJson-App */,
				54919F67250A629C00767B94 /* SwiftUIJson-AppUITests */,
			);
		};
/* End PBXProject section */

/* Begin PBXResourcesBuildPhase section */
		54919F50250A629B00767B94 /* Resources */ = {
			isa = PBXResourcesBuildPhase;
			buildActionMask = 2147483647;
			files = (
				54919FFD250A7A2F00767B94 /* yukon_charleyrivers.jpg in Resources */,
				54919F62250A629C00767B94 /* LaunchScreen.storyboard in Resources */,
				54919F5F250A629C00767B94 /* Preview Assets.xcassets in Resources */,
				54919FC2250A6FF200767B94 /* Readme.md in Resources */,
				54919FF5250A7A2F00767B94 /* silversalmoncreek.jpg in Resources */,
				54919F5C250A629C00767B94 /* Assets.xcassets in Resources */,
				54919FFE250A7A2F00767B94 /* stmarylake.jpg in Resources */,
				54919FFC250A7A2F00767B94 /* chincoteague.jpg in Resources */,
				54919FFB250A7A2F00767B94 /* landmarkData.json in Resources */,
				54919FFF250A7A2F00767B94 /* chilkoottrail.jpg in Resources */,
				54919FF6250A7A2F00767B94 /* icybay.jpg in Resources */,
				54919FF9250A7A2F00767B94 /* twinlake.jpg in Resources */,
				54919FF7250A7A2F00767B94 /* lakemcdonald.jpg in Resources */,
				54919FF8250A7A2F00767B94 /* hiddenlake.jpg in Resources */,
				54919FFA250A7A2F00767B94 /* umbagog.jpg in Resources */,
				54919FF4250A7A2F00767B94 /* turtlerock.jpg in Resources */,
				5491A000250A7A2F00767B94 /* rainbowlake.jpg in Resources */,
			);
			runOnlyForDeploymentPostprocessing = 0;
		};
		54919F66250A629C00767B94 /* Resources */ = {
			isa = PBXResourcesBuildPhase;
			buildActionMask = 2147483647;
			files = (
			);
			runOnlyForDeploymentPostprocessing = 0;
		};
/* End PBXResourcesBuildPhase section */

/* Begin PBXSourcesBuildPhase section */
		54919F4E250A629B00767B94 /* Sources */ = {
			isa = PBXSourcesBuildPhase;
			buildActionMask = 2147483647;
			files = (
				54C22B352518E640001947C4 /* TabView.swift in Sources */,
				54C22A5A2518E1DC001947C4 /* Root.swift in Sources */,
				54919FD8250A709500767B94 /* B03c_LandmarkRow.swift in Sources */,
				54C22B1F2518E634001947C4 /* Divider.swift in Sources */,
				544A378E250EE589007CC305 /* SampleView.swift in Sources */,
				54C22BCB2518E9DB001947C4 /* Spacer.swift in Sources */,
				54919FD9250A709500767B94 /* B02b_LandmarkRow.swift in Sources */,
				54C22A782518E2C3001947C4 /* Toggle.swift in Sources */,
				54919FBC250A6B5800767B94 /* A06b_ContentView.swift in Sources */,
				54C22B902518E88B001947C4 /* _ConditionalContent.swift in Sources */,
				54683702250D3AB100CE1AF1 /* B08b_LandmarkList.swift in Sources */,
				54919FE4250A78D300767B94 /* B05e_LandmarkList.swift in Sources */,
				54919FE2250A709500767B94 /* B03a_LandmarkRow.swift in Sources */,
				54919FDC250A709500767B94 /* B03d_LandmarkRow.swift in Sources */,
				546836F3250D32B600CE1AF1 /* B06c_LandmarkList.swift in Sources */,
				54C22B872518E886001947C4 /* Button.swift in Sources */,
				54C22B9C2518E88E001947C4 /* Never.swift in Sources */,
				54C22B6C2518E751001947C4 /* _ShapeView.swift in Sources */,
				54C22AC02518E384001947C4 /* _WKStoryboardContent.swift in Sources */,
				54919F94250A676400767B94 /* A03c_ContentView.swift in Sources */,
				54C22ADC2518E39C001947C4 /* NavigationLink.swift in Sources */,
				54C22B342518E640001947C4 /* List.swift in Sources */,
				54919F56250A629B00767B94 /* AppDelegate.swift in Sources */,
				54919FBD250A6B5800767B94 /* A06e_ContentView.swift in Sources */,
				54C22A922518E2E0001947C4 /* EquatableView.swift in Sources */,
				54C22AAC2518E37C001947C4 /* _DisclosureIndicator.swift in Sources */,
				54C22B5E2518E74F001947C4 /* Text.swift in Sources */,
				546836F8250D340600CE1AF1 /* B07c_LandmarkDetail.swift in Sources */,
				54C22B1B2518E630001947C4 /* HSplitView.swift in Sources */,
				54C22B9E2518E88E001947C4 /* UIHostingController.swift in Sources */,
				54431542251687AA00BFDD83 /* ContentView.swift in Sources */,
				54C22B312518E640001947C4 /* ScrollView.swift in Sources */,
				54919F8F250A671200767B94 /* A02b_ContentView.swift in Sources */,
				54C22B9B2518E88E001947C4 /* EmptyView.swift in Sources */,
				54919FAE250A6AD100767B94 /* A05_MapView.swift in Sources */,
				54C22B5F2518E74F001947C4 /* _ResolvedPopUpButton.swift in Sources */,
				54C22A8E2518E2DE001947C4 /* MenuButton.swift in Sources */,
				54C22B9A2518E88E001947C4 /* Form.swift in Sources */,
				54683703250D3AB100CE1AF1 /* B08a_LandmarkList.swift in Sources */,
				54919FD7250A709500767B94 /* B02d_LandmarkRow.swift in Sources */,
				54919FA7250A69D900767B94 /* A04d_CircleImage.swift in Sources */,
				54919F86250A65D200767B94 /* A04a_CircleImage.swift in Sources */,
				54919F9A250A67DF00767B94 /* A03e_ContentView.swift in Sources */,
				54919FC4250A700B00767B94 /* Landmark.swift in Sources */,
				54C22AB42518E380001947C4 /* SecureField.swift in Sources */,
				54C22B332518E640001947C4 /* ForEach.swift in Sources */,
				54C22B172518E62A001947C4 /* Section.swift in Sources */,
				54919FDD250A709500767B94 /* B04a_LandmarkList.swift in Sources */,
				54C22ACE2518E394001947C4 /* TextField.swift in Sources */,
				54C22B9F2518E88E001947C4 /* Image.swift in Sources */,
				54683701250D3AB100CE1AF1 /* B08c_LandmarkList.swift in Sources */,
				54919FDB250A709500767B94 /* B05b_LandmarkList.swift in Sources */,
				54919FBE250A6B5800767B94 /* A06f_ContentView.swift in Sources */,
				54C22B112518E5FD001947C4 /* TouchBar.swift in Sources */,
				54C22BC32518E9D9001947C4 /* TupleView.swift in Sources */,
				546538F525166AB2003161DE /* JsonPreview.swift in Sources */,
				54C22B512518E744001947C4 /* _SymmetricallyScaledText.swift in Sources */,
				54919F58250A629B00767B94 /* SceneDelegate.swift in Sources */,
				54919FD6250A709500767B94 /* B02c_LandmarkRow.swift in Sources */,
				54919F8A250A65D200767B94 /* A06a_ContentView.swift in Sources */,
				54C22A822518E2DA001947C4 /* ModifiedContent.swift in Sources */,
				54C22B322518E640001947C4 /* GeometryReader.swift in Sources */,
				54C22A602518E1F2001947C4 /* View.swift in Sources */,
				54C22B6D2518E751001947C4 /* _MaskEffect.swift in Sources */,
				54919FA9250A69D900767B94 /* A04e_CircleImage.swift in Sources */,
				54919F9F250A688A00767B94 /* A01b_ContentView.swift in Sources */,
				54919F95250A676400767B94 /* A03d_ContentView.swift in Sources */,
				54C22B1D2518E632001947C4 /* _DelayedPreferenceView.swift in Sources */,
				546836F2250D32B600CE1AF1 /* B06b_LandmarkList.swift in Sources */,
				54C22AC62518E38B001947C4 /* Slider.swift in Sources */,
				54C22BC72518E9DA001947C4 /* _ViewModifier_Content.swift in Sources */,
				54919F9C250A67DF00767B94 /* A03f_ContentView.swift in Sources */,
				54C22BB92518E9B1001947C4 /* UIViewRepresentable.swift in Sources */,
				54C22AE02518E3A5001947C4 /* Color.swift in Sources */,
				54C22ADA2518E39A001947C4 /* _PagingView.swift in Sources */,
				54C22ABC2518E383001947C4 /* Stepper.swift in Sources */,
				54919FDE250A709500767B94 /* LandmarkDetail.swift in Sources */,
				546836FD250D35FE00CE1AF1 /* B07f_LandmarkList.swift in Sources */,
				54C22B8D2518E88A001947C4 /* _UnaryViewAdaptor.swift in Sources */,
				54C22B8C2518E88A001947C4 /* DatePicker.swift in Sources */,
				5491A002250A7B2100767B94 /* Data.swift in Sources */,
				54C22AC42518E389001947C4 /* PasteButton.swift in Sources */,
				54C22A702518E26E001947C4 /* _PullDownButton.swift in Sources */,
				54919FD4250A709500767B94 /* B03b_LandmarkRow.swift in Sources */,
				544A3792250FAD04007CC305 /* LocalizedStringKey.swift in Sources */,
				54C22B212518E635001947C4 /* AnyView.swift in Sources */,
				54C22B552518E747001947C4 /* _DetachedView.swift in Sources */,
				54919F79250A651A00767B94 /* A01a_ContentView.swift in Sources */,
				54919FDA250A709500767B94 /* B05a_LandmarkList.swift in Sources */,
				54919F93250A676400767B94 /* A03b_ContentView.swift in Sources */,
				54919F87250A65D200767B94 /* A02a_ContentView.swift in Sources */,
				546836ED250D317F00CE1AF1 /* B06a_LandmarkList.swift in Sources */,
				54C22A7E2518E2D8001947C4 /* SubscriptionView.swift in Sources */,
				546836F1250D32B600CE1AF1 /* B07a_CircleImage.swift in Sources */,
				54C22AB02518E37D001947C4 /* _BackgroundModifier.swift in Sources */,
				54C22B6B2518E751001947C4 /* HStack.swift in Sources */,
				54919FA8250A69D900767B94 /* A04c_CircleImage.swift in Sources */,
				54C22B272518E638001947C4 /* VSplitView.swift in Sources */,
				54C22AE82518E3B4001947C4 /* Font.swift in Sources */,
				54C22AA82518E37B001947C4 /* EditButton.swift in Sources */,
				546836F7250D340600CE1AF1 /* B07d_LandmarkDetail.swift in Sources */,
				54C22B6A2518E751001947C4 /* _PreferenceReadingView.swift in Sources */,
				54C22A862518E2DB001947C4 /* NavigationView.swift in Sources */,
				54C22B612518E74F001947C4 /* ZStack.swift in Sources */,
				54C22AD62518E396001947C4 /* _AligningContentProvider.swift in Sources */,
				54C22B232518E636001947C4 /* VStack.swift in Sources */,
				54C22A962518E2E1001947C4 /* ContextMenu.swift in Sources */,
				546836FB250D355E00CE1AF1 /* B07e_LandmarkDetail.swift in Sources */,
				54919FA6250A69D900767B94 /* A04b_CircleImage.swift in Sources */,
				54C22ACA2518E38E001947C4 /* GroupBox.swift in Sources */,
				54919FBB250A6B5800767B94 /* A06c_ContentView.swift in Sources */,
				54C22B602518E74F001947C4 /* Group.swift in Sources */,
				54919FB8250A6B5800767B94 /* A06g_ContentView.swift in Sources */,
				54919FE1250A709500767B94 /* B02a_LandmarkRow.swift in Sources */,
				54919F8D250A65D200767B94 /* A03a_ContentView.swift in Sources */,
				54C22B9D2518E88E001947C4 /* Picker.swift in Sources */,
				54C22AB82518E381001947C4 /* _VariadicView.swift in Sources */,
				54919FBF250A6B5800767B94 /* A06d_ContentView.swift in Sources */,
				544315502517E59100BFDD83 /* Extensions.swift in Sources */,
				54C22B302518E640001947C4 /* __ScaleToFitView.swift in Sources */,
				54C22AE42518E3B2001947C4 /* Bundle.swift in Sources */,
				546836F9250D340600CE1AF1 /* B07b_MapView.swift in Sources */,
			);
			runOnlyForDeploymentPostprocessing = 0;
		};
		54919F64250A629C00767B94 /* Sources */ = {
			isa = PBXSourcesBuildPhase;
			buildActionMask = 2147483647;
			files = (
				54919F6D250A629C00767B94 /* SwiftUIJson_AppUITests.swift in Sources */,
			);
			runOnlyForDeploymentPostprocessing = 0;
		};
/* End PBXSourcesBuildPhase section */

/* Begin PBXTargetDependency section */
		54919F6A250A629C00767B94 /* PBXTargetDependency */ = {
			isa = PBXTargetDependency;
			target = 54919F51250A629B00767B94 /* SwiftUIJson-App */;
			targetProxy = 54919F69250A629C00767B94 /* PBXContainerItemProxy */;
		};
/* End PBXTargetDependency section */

/* Begin PBXVariantGroup section */
		54919F60250A629C00767B94 /* LaunchScreen.storyboard */ = {
			isa = PBXVariantGroup;
			children = (
				54919F61250A629C00767B94 /* Base */,
			);
			name = LaunchScreen.storyboard;
			sourceTree = "<group>";
		};
/* End PBXVariantGroup section */

/* Begin XCBuildConfiguration section */
		54919F6F250A629C00767B94 /* Debug */ = {
			isa = XCBuildConfiguration;
			buildSettings = {
				ALWAYS_SEARCH_USER_PATHS = NO;
				CLANG_ANALYZER_NONNULL = YES;
				CLANG_ANALYZER_NUMBER_OBJECT_CONVERSION = YES_AGGRESSIVE;
				CLANG_CXX_LANGUAGE_STANDARD = "gnu++14";
				CLANG_CXX_LIBRARY = "libc++";
				CLANG_ENABLE_MODULES = YES;
				CLANG_ENABLE_OBJC_ARC = YES;
				CLANG_ENABLE_OBJC_WEAK = YES;
				CLANG_WARN_BLOCK_CAPTURE_AUTORELEASING = YES;
				CLANG_WARN_BOOL_CONVERSION = YES;
				CLANG_WARN_COMMA = YES;
				CLANG_WARN_CONSTANT_CONVERSION = YES;
				CLANG_WARN_DEPRECATED_OBJC_IMPLEMENTATIONS = YES;
				CLANG_WARN_DIRECT_OBJC_ISA_USAGE = YES_ERROR;
				CLANG_WARN_DOCUMENTATION_COMMENTS = YES;
				CLANG_WARN_EMPTY_BODY = YES;
				CLANG_WARN_ENUM_CONVERSION = YES;
				CLANG_WARN_INFINITE_RECURSION = YES;
				CLANG_WARN_INT_CONVERSION = YES;
				CLANG_WARN_NON_LITERAL_NULL_CONVERSION = YES;
				CLANG_WARN_OBJC_IMPLICIT_RETAIN_SELF = YES;
				CLANG_WARN_OBJC_LITERAL_CONVERSION = YES;
				CLANG_WARN_OBJC_ROOT_CLASS = YES_ERROR;
				CLANG_WARN_QUOTED_INCLUDE_IN_FRAMEWORK_HEADER = YES;
				CLANG_WARN_RANGE_LOOP_ANALYSIS = YES;
				CLANG_WARN_STRICT_PROTOTYPES = YES;
				CLANG_WARN_SUSPICIOUS_MOVE = YES;
				CLANG_WARN_UNGUARDED_AVAILABILITY = YES_AGGRESSIVE;
				CLANG_WARN_UNREACHABLE_CODE = YES;
				CLANG_WARN__DUPLICATE_METHOD_MATCH = YES;
				COPY_PHASE_STRIP = NO;
				DEBUG_INFORMATION_FORMAT = dwarf;
				ENABLE_STRICT_OBJC_MSGSEND = YES;
				ENABLE_TESTABILITY = YES;
				GCC_C_LANGUAGE_STANDARD = gnu11;
				GCC_DYNAMIC_NO_PIC = NO;
				GCC_NO_COMMON_BLOCKS = YES;
				GCC_OPTIMIZATION_LEVEL = 0;
				GCC_PREPROCESSOR_DEFINITIONS = (
					"DEBUG=1",
					"$(inherited)",
				);
				GCC_WARN_64_TO_32_BIT_CONVERSION = YES;
				GCC_WARN_ABOUT_RETURN_TYPE = YES_ERROR;
				GCC_WARN_UNDECLARED_SELECTOR = YES;
				GCC_WARN_UNINITIALIZED_AUTOS = YES_AGGRESSIVE;
				GCC_WARN_UNUSED_FUNCTION = YES;
				GCC_WARN_UNUSED_VARIABLE = YES;
				IPHONEOS_DEPLOYMENT_TARGET = 14.0;
				MTL_ENABLE_DEBUG_INFO = INCLUDE_SOURCE;
				MTL_FAST_MATH = YES;
				ONLY_ACTIVE_ARCH = YES;
				SDKROOT = iphoneos;
				SWIFT_ACTIVE_COMPILATION_CONDITIONS = DEBUG;
				SWIFT_OPTIMIZATION_LEVEL = "-Onone";
				SWIFT_VERSION = 5.0;
			};
			name = Debug;
		};
		54919F70250A629C00767B94 /* Release */ = {
			isa = XCBuildConfiguration;
			buildSettings = {
				ALWAYS_SEARCH_USER_PATHS = NO;
				CLANG_ANALYZER_NONNULL = YES;
				CLANG_ANALYZER_NUMBER_OBJECT_CONVERSION = YES_AGGRESSIVE;
				CLANG_CXX_LANGUAGE_STANDARD = "gnu++14";
				CLANG_CXX_LIBRARY = "libc++";
				CLANG_ENABLE_MODULES = YES;
				CLANG_ENABLE_OBJC_ARC = YES;
				CLANG_ENABLE_OBJC_WEAK = YES;
				CLANG_WARN_BLOCK_CAPTURE_AUTORELEASING = YES;
				CLANG_WARN_BOOL_CONVERSION = YES;
				CLANG_WARN_COMMA = YES;
				CLANG_WARN_CONSTANT_CONVERSION = YES;
				CLANG_WARN_DEPRECATED_OBJC_IMPLEMENTATIONS = YES;
				CLANG_WARN_DIRECT_OBJC_ISA_USAGE = YES_ERROR;
				CLANG_WARN_DOCUMENTATION_COMMENTS = YES;
				CLANG_WARN_EMPTY_BODY = YES;
				CLANG_WARN_ENUM_CONVERSION = YES;
				CLANG_WARN_INFINITE_RECURSION = YES;
				CLANG_WARN_INT_CONVERSION = YES;
				CLANG_WARN_NON_LITERAL_NULL_CONVERSION = YES;
				CLANG_WARN_OBJC_IMPLICIT_RETAIN_SELF = YES;
				CLANG_WARN_OBJC_LITERAL_CONVERSION = YES;
				CLANG_WARN_OBJC_ROOT_CLASS = YES_ERROR;
				CLANG_WARN_QUOTED_INCLUDE_IN_FRAMEWORK_HEADER = YES;
				CLANG_WARN_RANGE_LOOP_ANALYSIS = YES;
				CLANG_WARN_STRICT_PROTOTYPES = YES;
				CLANG_WARN_SUSPICIOUS_MOVE = YES;
				CLANG_WARN_UNGUARDED_AVAILABILITY = YES_AGGRESSIVE;
				CLANG_WARN_UNREACHABLE_CODE = YES;
				CLANG_WARN__DUPLICATE_METHOD_MATCH = YES;
				COPY_PHASE_STRIP = NO;
				DEBUG_INFORMATION_FORMAT = "dwarf-with-dsym";
				ENABLE_NS_ASSERTIONS = NO;
				ENABLE_STRICT_OBJC_MSGSEND = YES;
				GCC_C_LANGUAGE_STANDARD = gnu11;
				GCC_NO_COMMON_BLOCKS = YES;
				GCC_WARN_64_TO_32_BIT_CONVERSION = YES;
				GCC_WARN_ABOUT_RETURN_TYPE = YES_ERROR;
				GCC_WARN_UNDECLARED_SELECTOR = YES;
				GCC_WARN_UNINITIALIZED_AUTOS = YES_AGGRESSIVE;
				GCC_WARN_UNUSED_FUNCTION = YES;
				GCC_WARN_UNUSED_VARIABLE = YES;
				IPHONEOS_DEPLOYMENT_TARGET = 14.0;
				MTL_ENABLE_DEBUG_INFO = NO;
				MTL_FAST_MATH = YES;
				SDKROOT = iphoneos;
				SWIFT_COMPILATION_MODE = wholemodule;
				SWIFT_OPTIMIZATION_LEVEL = "-O";
				SWIFT_VERSION = 5.0;
				VALIDATE_PRODUCT = YES;
			};
			name = Release;
		};
		54919F72250A629C00767B94 /* Debug */ = {
			isa = XCBuildConfiguration;
			buildSettings = {
				ASSETCATALOG_COMPILER_APPICON_NAME = AppIcon;
				CODE_SIGN_STYLE = Automatic;
				DEVELOPMENT_ASSET_PATHS = "\"SwiftUIJson-App/Preview Content\"";
				DEVELOPMENT_TEAM = DM9BJ949Y5;
				ENABLE_PREVIEWS = YES;
				INFOPLIST_FILE = "SwiftUIJson-App/Info.plist";
				LD_RUNPATH_SEARCH_PATHS = (
					"$(inherited)",
					"@executable_path/Frameworks",
				);
				PRODUCT_BUNDLE_IDENTIFIER = "contoso.SwiftUIJson-App";
				PRODUCT_NAME = "$(TARGET_NAME)";
				SWIFT_VERSION = 5.0;
				TARGETED_DEVICE_FAMILY = "1,2";
			};
			name = Debug;
		};
		54919F73250A629C00767B94 /* Release */ = {
			isa = XCBuildConfiguration;
			buildSettings = {
				ASSETCATALOG_COMPILER_APPICON_NAME = AppIcon;
				CODE_SIGN_STYLE = Automatic;
				DEVELOPMENT_ASSET_PATHS = "\"SwiftUIJson-App/Preview Content\"";
				DEVELOPMENT_TEAM = DM9BJ949Y5;
				ENABLE_PREVIEWS = YES;
				INFOPLIST_FILE = "SwiftUIJson-App/Info.plist";
				LD_RUNPATH_SEARCH_PATHS = (
					"$(inherited)",
					"@executable_path/Frameworks",
				);
				PRODUCT_BUNDLE_IDENTIFIER = "contoso.SwiftUIJson-App";
				PRODUCT_NAME = "$(TARGET_NAME)";
				SWIFT_VERSION = 5.0;
				TARGETED_DEVICE_FAMILY = "1,2";
			};
			name = Release;
		};
		54919F75250A629C00767B94 /* Debug */ = {
			isa = XCBuildConfiguration;
			buildSettings = {
				ALWAYS_EMBED_SWIFT_STANDARD_LIBRARIES = YES;
				CODE_SIGN_STYLE = Automatic;
				DEVELOPMENT_TEAM = DM9BJ949Y5;
				INFOPLIST_FILE = "SwiftUIJson-AppUITests/Info.plist";
				LD_RUNPATH_SEARCH_PATHS = (
					"$(inherited)",
					"@executable_path/Frameworks",
					"@loader_path/Frameworks",
				);
				PRODUCT_BUNDLE_IDENTIFIER = "contoso.SwiftUIJson-AppUITests";
				PRODUCT_NAME = "$(TARGET_NAME)";
				SWIFT_VERSION = 5.0;
				TARGETED_DEVICE_FAMILY = "1,2";
				TEST_TARGET_NAME = "SwiftUIJson-App";
			};
			name = Debug;
		};
		54919F76250A629C00767B94 /* Release */ = {
			isa = XCBuildConfiguration;
			buildSettings = {
				ALWAYS_EMBED_SWIFT_STANDARD_LIBRARIES = YES;
				CODE_SIGN_STYLE = Automatic;
				DEVELOPMENT_TEAM = DM9BJ949Y5;
				INFOPLIST_FILE = "SwiftUIJson-AppUITests/Info.plist";
				LD_RUNPATH_SEARCH_PATHS = (
					"$(inherited)",
					"@executable_path/Frameworks",
					"@loader_path/Frameworks",
				);
				PRODUCT_BUNDLE_IDENTIFIER = "contoso.SwiftUIJson-AppUITests";
				PRODUCT_NAME = "$(TARGET_NAME)";
				SWIFT_VERSION = 5.0;
				TARGETED_DEVICE_FAMILY = "1,2";
				TEST_TARGET_NAME = "SwiftUIJson-App";
			};
			name = Release;
		};
/* End XCBuildConfiguration section */

/* Begin XCConfigurationList section */
		54919F4D250A629B00767B94 /* Build configuration list for PBXProject "SwiftUIJson-App" */ = {
			isa = XCConfigurationList;
			buildConfigurations = (
				54919F6F250A629C00767B94 /* Debug */,
				54919F70250A629C00767B94 /* Release */,
			);
			defaultConfigurationIsVisible = 0;
			defaultConfigurationName = Release;
		};
		54919F71250A629C00767B94 /* Build configuration list for PBXNativeTarget "SwiftUIJson-App" */ = {
			isa = XCConfigurationList;
			buildConfigurations = (
				54919F72250A629C00767B94 /* Debug */,
				54919F73250A629C00767B94 /* Release */,
			);
			defaultConfigurationIsVisible = 0;
			defaultConfigurationName = Release;
		};
		54919F74250A629C00767B94 /* Build configuration list for PBXNativeTarget "SwiftUIJson-AppUITests" */ = {
			isa = XCConfigurationList;
			buildConfigurations = (
				54919F75250A629C00767B94 /* Debug */,
				54919F76250A629C00767B94 /* Release */,
			);
			defaultConfigurationIsVisible = 0;
			defaultConfigurationName = Release;
		};
/* End XCConfigurationList section */
	};
	rootObject = 54919F4A250A629B00767B94 /* Project object */;
}
